// !$*UTF8*$!
{
	archiveVersion = 1;
	classes = {
	};
	objectVersion = 55;
	objects = {

/* Begin PBXBuildFile section */
		519E9D2A2904ECF400FA732D /* AppDelegate.swift in Sources */ = {isa = PBXBuildFile; fileRef = 519E9D292904ECF400FA732D /* AppDelegate.swift */; };
		519E9D2C2904ECF400FA732D /* SceneDelegate.swift in Sources */ = {isa = PBXBuildFile; fileRef = 519E9D2B2904ECF400FA732D /* SceneDelegate.swift */; };
		519E9D2E2904ECF400FA732D /* ViewController.swift in Sources */ = {isa = PBXBuildFile; fileRef = 519E9D2D2904ECF400FA732D /* ViewController.swift */; };
		519E9D312904ECF400FA732D /* Main.storyboard in Resources */ = {isa = PBXBuildFile; fileRef = 519E9D2F2904ECF400FA732D /* Main.storyboard */; };
		519E9D332904ECF500FA732D /* Assets.xcassets in Resources */ = {isa = PBXBuildFile; fileRef = 519E9D322904ECF500FA732D /* Assets.xcassets */; };
		519E9D362904ECF500FA732D /* LaunchScreen.storyboard in Resources */ = {isa = PBXBuildFile; fileRef = 519E9D342904ECF500FA732D /* LaunchScreen.storyboard */; };
		519E9D412904ECF500FA732D /* TapTouchTests.swift in Sources */ = {isa = PBXBuildFile; fileRef = 519E9D402904ECF500FA732D /* TapTouchTests.swift */; };
		519E9D4B2904ECF500FA732D /* TapTouchUITests.swift in Sources */ = {isa = PBXBuildFile; fileRef = 519E9D4A2904ECF500FA732D /* TapTouchUITests.swift */; };
		519E9D4D2904ECF500FA732D /* TapTouchUITestsLaunchTests.swift in Sources */ = {isa = PBXBuildFile; fileRef = 519E9D4C2904ECF500FA732D /* TapTouchUITestsLaunchTests.swift */; };
/* End PBXBuildFile section */

/* Begin PBXContainerItemProxy section */
		519E9D3D2904ECF500FA732D /* PBXContainerItemProxy */ = {
			isa = PBXContainerItemProxy;
			containerPortal = 519E9D1E2904ECF400FA732D /* Project object */;
			proxyType = 1;
			remoteGlobalIDString = 519E9D252904ECF400FA732D;
			remoteInfo = TapTouch;
		};
		519E9D472904ECF500FA732D /* PBXContainerItemProxy */ = {
			isa = PBXContainerItemProxy;
			containerPortal = 519E9D1E2904ECF400FA732D /* Project object */;
			proxyType = 1;
			remoteGlobalIDString = 519E9D252904ECF400FA732D;
			remoteInfo = TapTouch;
		};
/* End PBXContainerItemProxy section */

/* Begin PBXFileReference section */
		519E9D262904ECF400FA732D /* TapTouch.app */ = {isa = PBXFileReference; explicitFileType = wrapper.application; includeInIndex = 0; path = TapTouch.app; sourceTree = BUILT_PRODUCTS_DIR; };
		519E9D292904ECF400FA732D /* AppDelegate.swift */ = {isa = PBXFileReference; lastKnownFileType = sourcecode.swift; path = AppDelegate.swift; sourceTree = "<group>"; };
		519E9D2B2904ECF400FA732D /* SceneDelegate.swift */ = {isa = PBXFileReference; lastKnownFileType = sourcecode.swift; path = SceneDelegate.swift; sourceTree = "<group>"; };
		519E9D2D2904ECF400FA732D /* ViewController.swift */ = {isa = PBXFileReference; lastKnownFileType = sourcecode.swift; path = ViewController.swift; sourceTree = "<group>"; };
		519E9D302904ECF400FA732D /* Base */ = {isa = PBXFileReference; lastKnownFileType = file.storyboard; name = Base; path = Base.lproj/Main.storyboard; sourceTree = "<group>"; };
		519E9D322904ECF500FA732D /* Assets.xcassets */ = {isa = PBXFileReference; lastKnownFileType = folder.assetcatalog; path = Assets.xcassets; sourceTree = "<group>"; };
		519E9D352904ECF500FA732D /* Base */ = {isa = PBXFileReference; lastKnownFileType = file.storyboard; name = Base; path = Base.lproj/LaunchScreen.storyboard; sourceTree = "<group>"; };
		519E9D372904ECF500FA732D /* Info.plist */ = {isa = PBXFileReference; lastKnownFileType = text.plist.xml; path = Info.plist; sourceTree = "<group>"; };
		519E9D3C2904ECF500FA732D /* TapTouchTests.xctest */ = {isa = PBXFileReference; explicitFileType = wrapper.cfbundle; includeInIndex = 0; path = TapTouchTests.xctest; sourceTree = BUILT_PRODUCTS_DIR; };
		519E9D402904ECF500FA732D /* TapTouchTests.swift */ = {isa = PBXFileReference; lastKnownFileType = sourcecode.swift; path = TapTouchTests.swift; sourceTree = "<group>"; };
		519E9D462904ECF500FA732D /* TapTouchUITests.xctest */ = {isa = PBXFileReference; explicitFileType = wrapper.cfbundle; includeInIndex = 0; path = TapTouchUITests.xctest; sourceTree = BUILT_PRODUCTS_DIR; };
		519E9D4A2904ECF500FA732D /* TapTouchUITests.swift */ = {isa = PBXFileReference; lastKnownFileType = sourcecode.swift; path = TapTouchUITests.swift; sourceTree = "<group>"; };
		519E9D4C2904ECF500FA732D /* TapTouchUITestsLaunchTests.swift */ = {isa = PBXFileReference; lastKnownFileType = sourcecode.swift; path = TapTouchUITestsLaunchTests.swift; sourceTree = "<group>"; };
/* End PBXFileReference section */

/* Begin PBXFrameworksBuildPhase section */
		519E9D232904ECF400FA732D /* Frameworks */ = {
			isa = PBXFrameworksBuildPhase;
			buildActionMask = 2147483647;
			files = (
			);
			runOnlyForDeploymentPostprocessing = 0;
		};
		519E9D392904ECF500FA732D /* Frameworks */ = {
			isa = PBXFrameworksBuildPhase;
			buildActionMask = 2147483647;
			files = (
			);
			runOnlyForDeploymentPostprocessing = 0;
		};
		519E9D432904ECF500FA732D /* Frameworks */ = {
			isa = PBXFrameworksBuildPhase;
			buildActionMask = 2147483647;
			files = (
			);
			runOnlyForDeploymentPostprocessing = 0;
		};
/* End PBXFrameworksBuildPhase section */

/* Begin PBXGroup section */
		519E9D1D2904ECF400FA732D = {
			isa = PBXGroup;
			children = (
				519E9D282904ECF400FA732D /* TapTouch */,
				519E9D3F2904ECF500FA732D /* TapTouchTests */,
				519E9D492904ECF500FA732D /* TapTouchUITests */,
				519E9D272904ECF400FA732D /* Products */,
			);
			sourceTree = "<group>";
		};
		519E9D272904ECF400FA732D /* Products */ = {
			isa = PBXGroup;
			children = (
				519E9D262904ECF400FA732D /* TapTouch.app */,
				519E9D3C2904ECF500FA732D /* TapTouchTests.xctest */,
				519E9D462904ECF500FA732D /* TapTouchUITests.xctest */,
			);
			name = Products;
			sourceTree = "<group>";
		};
		519E9D282904ECF400FA732D /* TapTouch */ = {
			isa = PBXGroup;
			children = (
				519E9D292904ECF400FA732D /* AppDelegate.swift */,
				519E9D2B2904ECF400FA732D /* SceneDelegate.swift */,
				519E9D2D2904ECF400FA732D /* ViewController.swift */,
				519E9D2F2904ECF400FA732D /* Main.storyboard */,
				519E9D322904ECF500FA732D /* Assets.xcassets */,
				519E9D342904ECF500FA732D /* LaunchScreen.storyboard */,
				519E9D372904ECF500FA732D /* Info.plist */,
			);
			path = TapTouch;
			sourceTree = "<group>";
		};
		519E9D3F2904ECF500FA732D /* TapTouchTests */ = {
			isa = PBXGroup;
			children = (
				519E9D402904ECF500FA732D /* TapTouchTests.swift */,
			);
			path = TapTouchTests;
			sourceTree = "<group>";
		};
		519E9D492904ECF500FA732D /* TapTouchUITests */ = {
			isa = PBXGroup;
			children = (
				519E9D4A2904ECF500FA732D /* TapTouchUITests.swift */,
				519E9D4C2904ECF500FA732D /* TapTouchUITestsLaunchTests.swift */,
			);
			path = TapTouchUITests;
			sourceTree = "<group>";
		};
/* End PBXGroup section */

/* Begin PBXNativeTarget section */
		519E9D252904ECF400FA732D /* TapTouch */ = {
			isa = PBXNativeTarget;
			buildConfigurationList = 519E9D502904ECF500FA732D /* Build configuration list for PBXNativeTarget "TapTouch" */;
			buildPhases = (
				519E9D222904ECF400FA732D /* Sources */,
				519E9D232904ECF400FA732D /* Frameworks */,
				519E9D242904ECF400FA732D /* Resources */,
			);
			buildRules = (
			);
			dependencies = (
			);
			name = TapTouch;
			productName = TapTouch;
			productReference = 519E9D262904ECF400FA732D /* TapTouch.app */;
			productType = "com.apple.product-type.application";
		};
		519E9D3B2904ECF500FA732D /* TapTouchTests */ = {
			isa = PBXNativeTarget;
			buildConfigurationList = 519E9D532904ECF500FA732D /* Build configuration list for PBXNativeTarget "TapTouchTests" */;
			buildPhases = (
				519E9D382904ECF500FA732D /* Sources */,
				519E9D392904ECF500FA732D /* Frameworks */,
				519E9D3A2904ECF500FA732D /* Resources */,
			);
			buildRules = (
			);
			dependencies = (
				519E9D3E2904ECF500FA732D /* PBXTargetDependency */,
			);
			name = TapTouchTests;
			productName = TapTouchTests;
			productReference = 519E9D3C2904ECF500FA732D /* TapTouchTests.xctest */;
			productType = "com.apple.product-type.bundle.unit-test";
		};
		519E9D452904ECF500FA732D /* TapTouchUITests */ = {
			isa = PBXNativeTarget;
			buildConfigurationList = 519E9D562904ECF500FA732D /* Build configuration list for PBXNativeTarget "TapTouchUITests" */;
			buildPhases = (
				519E9D422904ECF500FA732D /* Sources */,
				519E9D432904ECF500FA732D /* Frameworks */,
				519E9D442904ECF500FA732D /* Resources */,
			);
			buildRules = (
			);
			dependencies = (
				519E9D482904ECF500FA732D /* PBXTargetDependency */,
			);
			name = TapTouchUITests;
			productName = TapTouchUITests;
			productReference = 519E9D462904ECF500FA732D /* TapTouchUITests.xctest */;
			productType = "com.apple.product-type.bundle.ui-testing";
		};
/* End PBXNativeTarget section */

/* Begin PBXProject section */
		519E9D1E2904ECF400FA732D /* Project object */ = {
			isa = PBXProject;
			attributes = {
				BuildIndependentTargetsInParallel = 1;
				LastSwiftUpdateCheck = 1340;
				LastUpgradeCheck = 1340;
				TargetAttributes = {
					519E9D252904ECF400FA732D = {
						CreatedOnToolsVersion = 13.4.1;
					};
					519E9D3B2904ECF500FA732D = {
						CreatedOnToolsVersion = 13.4.1;
						TestTargetID = 519E9D252904ECF400FA732D;
					};
					519E9D452904ECF500FA732D = {
						CreatedOnToolsVersion = 13.4.1;
						TestTargetID = 519E9D252904ECF400FA732D;
					};
				};
			};
			buildConfigurationList = 519E9D212904ECF400FA732D /* Build configuration list for PBXProject "TapTouch" */;
			compatibilityVersion = "Xcode 13.0";
			developmentRegion = en;
			hasScannedForEncodings = 0;
			knownRegions = (
				en,
				Base,
			);
			mainGroup = 519E9D1D2904ECF400FA732D;
			productRefGroup = 519E9D272904ECF400FA732D /* Products */;
			projectDirPath = "";
			projectRoot = "";
			targets = (
				519E9D252904ECF400FA732D /* TapTouch */,
				519E9D3B2904ECF500FA732D /* TapTouchTests */,
				519E9D452904ECF500FA732D /* TapTouchUITests */,
			);
		};
/* End PBXProject section */

/* Begin PBXResourcesBuildPhase section */
		519E9D242904ECF400FA732D /* Resources */ = {
			isa = PBXResourcesBuildPhase;
			buildActionMask = 2147483647;
			files = (
				519E9D362904ECF500FA732D /* LaunchScreen.storyboard in Resources */,
				519E9D332904ECF500FA732D /* Assets.xcassets in Resources */,
				519E9D312904ECF400FA732D /* Main.storyboard in Resources */,
			);
			runOnlyForDeploymentPostprocessing = 0;
		};
		519E9D3A2904ECF500FA732D /* Resources */ = {
			isa = PBXResourcesBuildPhase;
			buildActionMask = 2147483647;
			files = (
			);
			runOnlyForDeploymentPostprocessing = 0;
		};
		519E9D442904ECF500FA732D /* Resources */ = {
			isa = PBXResourcesBuildPhase;
			buildActionMask = 2147483647;
			files = (
			);
			runOnlyForDeploymentPostprocessing = 0;
		};
/* End PBXResourcesBuildPhase section */

/* Begin PBXSourcesBuildPhase section */
		519E9D222904ECF400FA732D /* Sources */ = {
			isa = PBXSourcesBuildPhase;
			buildActionMask = 2147483647;
			files = (
				519E9D2E2904ECF400FA732D /* ViewController.swift in Sources */,
				519E9D2A2904ECF400FA732D /* AppDelegate.swift in Sources */,
				519E9D2C2904ECF400FA732D /* SceneDelegate.swift in Sources */,
			);
			runOnlyForDeploymentPostprocessing = 0;
		};
		519E9D382904ECF500FA732D /* Sources */ = {
			isa = PBXSourcesBuildPhase;
			buildActionMask = 2147483647;
			files = (
				519E9D412904ECF500FA732D /* TapTouchTests.swift in Sources */,
			);
			runOnlyForDeploymentPostprocessing = 0;
		};
		519E9D422904ECF500FA732D /* Sources */ = {
			isa = PBXSourcesBuildPhase;
			buildActionMask = 2147483647;
			files = (
				519E9D4D2904ECF500FA732D /* TapTouchUITestsLaunchTests.swift in Sources */,
				519E9D4B2904ECF500FA732D /* TapTouchUITests.swift in Sources */,
			);
			runOnlyForDeploymentPostprocessing = 0;
		};
/* End PBXSourcesBuildPhase section */

/* Begin PBXTargetDependency section */
		519E9D3E2904ECF500FA732D /* PBXTargetDependency */ = {
			isa = PBXTargetDependency;
			target = 519E9D252904ECF400FA732D /* TapTouch */;
			targetProxy = 519E9D3D2904ECF500FA732D /* PBXContainerItemProxy */;
		};
		519E9D482904ECF500FA732D /* PBXTargetDependency */ = {
			isa = PBXTargetDependency;
			target = 519E9D252904ECF400FA732D /* TapTouch */;
			targetProxy = 519E9D472904ECF500FA732D /* PBXContainerItemProxy */;
		};
/* End PBXTargetDependency section */

/* Begin PBXVariantGroup section */
		519E9D2F2904ECF400FA732D /* Main.storyboard */ = {
			isa = PBXVariantGroup;
			children = (
				519E9D302904ECF400FA732D /* Base */,
			);
			name = Main.storyboard;
			sourceTree = "<group>";
		};
		519E9D342904ECF500FA732D /* LaunchScreen.storyboard */ = {
			isa = PBXVariantGroup;
			children = (
				519E9D352904ECF500FA732D /* Base */,
			);
			name = LaunchScreen.storyboard;
			sourceTree = "<group>";
		};
/* End PBXVariantGroup section */

/* Begin XCBuildConfiguration section */
		519E9D4E2904ECF500FA732D /* Debug */ = {
			isa = XCBuildConfiguration;
			buildSettings = {
				ALWAYS_SEARCH_USER_PATHS = NO;
				CLANG_ANALYZER_NONNULL = YES;
				CLANG_ANALYZER_NUMBER_OBJECT_CONVERSION = YES_AGGRESSIVE;
				CLANG_CXX_LANGUAGE_STANDARD = "gnu++17";
				CLANG_ENABLE_MODULES = YES;
				CLANG_ENABLE_OBJC_ARC = YES;
				CLANG_ENABLE_OBJC_WEAK = YES;
				CLANG_WARN_BLOCK_CAPTURE_AUTORELEASING = YES;
				CLANG_WARN_BOOL_CONVERSION = YES;
				CLANG_WARN_COMMA = YES;
				CLANG_WARN_CONSTANT_CONVERSION = YES;
				CLANG_WARN_DEPRECATED_OBJC_IMPLEMENTATIONS = YES;
				CLANG_WARN_DIRECT_OBJC_ISA_USAGE = YES_ERROR;
				CLANG_WARN_DOCUMENTATION_COMMENTS = YES;
				CLANG_WARN_EMPTY_BODY = YES;
				CLANG_WARN_ENUM_CONVERSION = YES;
				CLANG_WARN_INFINITE_RECURSION = YES;
				CLANG_WARN_INT_CONVERSION = YES;
				CLANG_WARN_NON_LITERAL_NULL_CONVERSION = YES;
				CLANG_WARN_OBJC_IMPLICIT_RETAIN_SELF = YES;
				CLANG_WARN_OBJC_LITERAL_CONVERSION = YES;
				CLANG_WARN_OBJC_ROOT_CLASS = YES_ERROR;
				CLANG_WARN_QUOTED_INCLUDE_IN_FRAMEWORK_HEADER = YES;
				CLANG_WARN_RANGE_LOOP_ANALYSIS = YES;
				CLANG_WARN_STRICT_PROTOTYPES = YES;
				CLANG_WARN_SUSPICIOUS_MOVE = YES;
				CLANG_WARN_UNGUARDED_AVAILABILITY = YES_AGGRESSIVE;
				CLANG_WARN_UNREACHABLE_CODE = YES;
				CLANG_WARN__DUPLICATE_METHOD_MATCH = YES;
				COPY_PHASE_STRIP = NO;
				DEBUG_INFORMATION_FORMAT = dwarf;
				ENABLE_STRICT_OBJC_MSGSEND = YES;
				ENABLE_TESTABILITY = YES;
				GCC_C_LANGUAGE_STANDARD = gnu11;
				GCC_DYNAMIC_NO_PIC = NO;
				GCC_NO_COMMON_BLOCKS = YES;
				GCC_OPTIMIZATION_LEVEL = 0;
				GCC_PREPROCESSOR_DEFINITIONS = (
					"DEBUG=1",
					"$(inherited)",
				);
				GCC_WARN_64_TO_32_BIT_CONVERSION = YES;
				GCC_WARN_ABOUT_RETURN_TYPE = YES_ERROR;
				GCC_WARN_UNDECLARED_SELECTOR = YES;
				GCC_WARN_UNINITIALIZED_AUTOS = YES_AGGRESSIVE;
				GCC_WARN_UNUSED_FUNCTION = YES;
				GCC_WARN_UNUSED_VARIABLE = YES;
				IPHONEOS_DEPLOYMENT_TARGET = 15.5;
				MTL_ENABLE_DEBUG_INFO = INCLUDE_SOURCE;
				MTL_FAST_MATH = YES;
				ONLY_ACTIVE_ARCH = YES;
				SDKROOT = iphoneos;
				SWIFT_ACTIVE_COMPILATION_CONDITIONS = DEBUG;
				SWIFT_OPTIMIZATION_LEVEL = "-Onone";
			};
			name = Debug;
		};
		519E9D4F2904ECF500FA732D /* Release */ = {
			isa = XCBuildConfiguration;
			buildSettings = {
				ALWAYS_SEARCH_USER_PATHS = NO;
				CLANG_ANALYZER_NONNULL = YES;
				CLANG_ANALYZER_NUMBER_OBJECT_CONVERSION = YES_AGGRESSIVE;
				CLANG_CXX_LANGUAGE_STANDARD = "gnu++17";
				CLANG_ENABLE_MODULES = YES;
				CLANG_ENABLE_OBJC_ARC = YES;
				CLANG_ENABLE_OBJC_WEAK = YES;
				CLANG_WARN_BLOCK_CAPTURE_AUTORELEASING = YES;
				CLANG_WARN_BOOL_CONVERSION = YES;
				CLANG_WARN_COMMA = YES;
				CLANG_WARN_CONSTANT_CONVERSION = YES;
				CLANG_WARN_DEPRECATED_OBJC_IMPLEMENTATIONS = YES;
				CLANG_WARN_DIRECT_OBJC_ISA_USAGE = YES_ERROR;
				CLANG_WARN_DOCUMENTATION_COMMENTS = YES;
				CLANG_WARN_EMPTY_BODY = YES;
				CLANG_WARN_ENUM_CONVERSION = YES;
				CLANG_WARN_INFINITE_RECURSION = YES;
				CLANG_WARN_INT_CONVERSION = YES;
				CLANG_WARN_NON_LITERAL_NULL_CONVERSION = YES;
				CLANG_WARN_OBJC_IMPLICIT_RETAIN_SELF = YES;
				CLANG_WARN_OBJC_LITERAL_CONVERSION = YES;
				CLANG_WARN_OBJC_ROOT_CLASS = YES_ERROR;
				CLANG_WARN_QUOTED_INCLUDE_IN_FRAMEWORK_HEADER = YES;
				CLANG_WARN_RANGE_LOOP_ANALYSIS = YES;
				CLANG_WARN_STRICT_PROTOTYPES = YES;
				CLANG_WARN_SUSPICIOUS_MOVE = YES;
				CLANG_WARN_UNGUARDED_AVAILABILITY = YES_AGGRESSIVE;
				CLANG_WARN_UNREACHABLE_CODE = YES;
				CLANG_WARN__DUPLICATE_METHOD_MATCH = YES;
				COPY_PHASE_STRIP = NO;
				DEBUG_INFORMATION_FORMAT = "dwarf-with-dsym";
				ENABLE_NS_ASSERTIONS = NO;
				ENABLE_STRICT_OBJC_MSGSEND = YES;
				GCC_C_LANGUAGE_STANDARD = gnu11;
				GCC_NO_COMMON_BLOCKS = YES;
				GCC_WARN_64_TO_32_BIT_CONVERSION = YES;
				GCC_WARN_ABOUT_RETURN_TYPE = YES_ERROR;
				GCC_WARN_UNDECLARED_SELECTOR = YES;
				GCC_WARN_UNINITIALIZED_AUTOS = YES_AGGRESSIVE;
				GCC_WARN_UNUSED_FUNCTION = YES;
				GCC_WARN_UNUSED_VARIABLE = YES;
				IPHONEOS_DEPLOYMENT_TARGET = 15.5;
				MTL_ENABLE_DEBUG_INFO = NO;
				MTL_FAST_MATH = YES;
				SDKROOT = iphoneos;
				SWIFT_COMPILATION_MODE = wholemodule;
				SWIFT_OPTIMIZATION_LEVEL = "-O";
				VALIDATE_PRODUCT = YES;
			};
			name = Release;
		};
		519E9D512904ECF500FA732D /* Debug */ = {
			isa = XCBuildConfiguration;
			buildSettings = {
				ASSETCATALOG_COMPILER_APPICON_NAME = AppIcon;
				ASSETCATALOG_COMPILER_GLOBAL_ACCENT_COLOR_NAME = AccentColor;
				CODE_SIGN_STYLE = Automatic;
				CURRENT_PROJECT_VERSION = 1;
				GENERATE_INFOPLIST_FILE = YES;
				INFOPLIST_FILE = TapTouch/Info.plist;
				INFOPLIST_KEY_UIApplicationSupportsIndirectInputEvents = YES;
				INFOPLIST_KEY_UILaunchStoryboardName = LaunchScreen;
				INFOPLIST_KEY_UIMainStoryboardFile = Main;
				INFOPLIST_KEY_UISupportedInterfaceOrientations_iPad = "UIInterfaceOrientationPortrait UIInterfaceOrientationPortraitUpsideDown UIInterfaceOrientationLandscapeLeft UIInterfaceOrientationLandscapeRight";
				INFOPLIST_KEY_UISupportedInterfaceOrientations_iPhone = "UIInterfaceOrientationPortrait UIInterfaceOrientationLandscapeLeft UIInterfaceOrientationLandscapeRight";
				LD_RUNPATH_SEARCH_PATHS = (
					"$(inherited)",
					"@executable_path/Frameworks",
				);
				MARKETING_VERSION = 1.0;
				PRODUCT_BUNDLE_IDENTIFIER = com.mycompany.TapTouch;
				PRODUCT_NAME = "$(TARGET_NAME)";
				SWIFT_EMIT_LOC_STRINGS = YES;
				SWIFT_VERSION = 5.0;
				TARGETED_DEVICE_FAMILY = "1,2";
			};
			name = Debug;
		};
		519E9D522904ECF500FA732D /* Release */ = {
			isa = XCBuildConfiguration;
			buildSettings = {
				ASSETCATALOG_COMPILER_APPICON_NAME = AppIcon;
				ASSETCATALOG_COMPILER_GLOBAL_ACCENT_COLOR_NAME = AccentColor;
				CODE_SIGN_STYLE = Automatic;
				CURRENT_PROJECT_VERSION = 1;
				GENERATE_INFOPLIST_FILE = YES;
				INFOPLIST_FILE = TapTouch/Info.plist;
				INFOPLIST_KEY_UIApplicationSupportsIndirectInputEvents = YES;
				INFOPLIST_KEY_UILaunchStoryboardName = LaunchScreen;
				INFOPLIST_KEY_UIMainStoryboardFile = Main;
				INFOPLIST_KEY_UISupportedInterfaceOrientations_iPad = "UIInterfaceOrientationPortrait UIInterfaceOrientationPortraitUpsideDown UIInterfaceOrientationLandscapeLeft UIInterfaceOrientationLandscapeRight";
				INFOPLIST_KEY_UISupportedInterfaceOrientations_iPhone = "UIInterfaceOrientationPortrait UIInterfaceOrientationLandscapeLeft UIInterfaceOrientationLandscapeRight";
				LD_RUNPATH_SEARCH_PATHS = (
					"$(inherited)",
					"@executable_path/Frameworks",
				);
				MARKETING_VERSION = 1.0;
				PRODUCT_BUNDLE_IDENTIFIER = com.mycompany.TapTouch;
				PRODUCT_NAME = "$(TARGET_NAME)";
				SWIFT_EMIT_LOC_STRINGS = YES;
				SWIFT_VERSION = 5.0;
				TARGETED_DEVICE_FAMILY = "1,2";
			};
			name = Release;
		};
		519E9D542904ECF500FA732D /* Debug */ = {
			isa = XCBuildConfiguration;
			buildSettings = {
				ALWAYS_EMBED_SWIFT_STANDARD_LIBRARIES = YES;
				BUNDLE_LOADER = "$(TEST_HOST)";
				CODE_SIGN_STYLE = Automatic;
				CURRENT_PROJECT_VERSION = 1;
				GENERATE_INFOPLIST_FILE = YES;
				IPHONEOS_DEPLOYMENT_TARGET = 15.5;
				MARKETING_VERSION = 1.0;
				PRODUCT_BUNDLE_IDENTIFIER = com.mycompany.TapTouchTests;
				PRODUCT_NAME = "$(TARGET_NAME)";
				SWIFT_EMIT_LOC_STRINGS = NO;
				SWIFT_VERSION = 5.0;
				TARGETED_DEVICE_FAMILY = "1,2";
				TEST_HOST = "$(BUILT_PRODUCTS_DIR)/TapTouch.app/TapTouch";
			};
			name = Debug;
		};
		519E9D552904ECF500FA732D /* Release */ = {
			isa = XCBuildConfiguration;
			buildSettings = {
				ALWAYS_EMBED_SWIFT_STANDARD_LIBRARIES = YES;
				BUNDLE_LOADER = "$(TEST_HOST)";
				CODE_SIGN_STYLE = Automatic;
				CURRENT_PROJECT_VERSION = 1;
				GENERATE_INFOPLIST_FILE = YES;
				IPHONEOS_DEPLOYMENT_TARGET = 15.5;
				MARKETING_VERSION = 1.0;
				PRODUCT_BUNDLE_IDENTIFIER = com.mycompany.TapTouchTests;
				PRODUCT_NAME = "$(TARGET_NAME)";
				SWIFT_EMIT_LOC_STRINGS = NO;
				SWIFT_VERSION = 5.0;
				TARGETED_DEVICE_FAMILY = "1,2";
				TEST_HOST = "$(BUILT_PRODUCTS_DIR)/TapTouch.app/TapTouch";
			};
			name = Release;
		};
		519E9D572904ECF500FA732D /* Debug */ = {
			isa = XCBuildConfiguration;
			buildSettings = {
				ALWAYS_EMBED_SWIFT_STANDARD_LIBRARIES = YES;
				CODE_SIGN_STYLE = Automatic;
				CURRENT_PROJECT_VERSION = 1;
				GENERATE_INFOPLIST_FILE = YES;
				MARKETING_VERSION = 1.0;
				PRODUCT_BUNDLE_IDENTIFIER = com.mycompany.TapTouchUITests;
				PRODUCT_NAME = "$(TARGET_NAME)";
				SWIFT_EMIT_LOC_STRINGS = NO;
				SWIFT_VERSION = 5.0;
				TARGETED_DEVICE_FAMILY = "1,2";
				TEST_TARGET_NAME = TapTouch;
			};
			name = Debug;
		};
		519E9D582904ECF500FA732D /* Release */ = {
			isa = XCBuildConfiguration;
			buildSettings = {
				ALWAYS_EMBED_SWIFT_STANDARD_LIBRARIES = YES;
				CODE_SIGN_STYLE = Automatic;
				CURRENT_PROJECT_VERSION = 1;
				GENERATE_INFOPLIST_FILE = YES;
				MARKETING_VERSION = 1.0;
				PRODUCT_BUNDLE_IDENTIFIER = com.mycompany.TapTouchUITests;
				PRODUCT_NAME = "$(TARGET_NAME)";
				SWIFT_EMIT_LOC_STRINGS = NO;
				SWIFT_VERSION = 5.0;
				TARGETED_DEVICE_FAMILY = "1,2";
				TEST_TARGET_NAME = TapTouch;
			};
			name = Release;
		};
/* End XCBuildConfiguration section */

/* Begin XCConfigurationList section */
		519E9D212904ECF400FA732D /* Build configuration list for PBXProject "TapTouch" */ = {
			isa = XCConfigurationList;
			buildConfigurations = (
				519E9D4E2904ECF500FA732D /* Debug */,
				519E9D4F2904ECF500FA732D /* Release */,
			);
			defaultConfigurationIsVisible = 0;
			defaultConfigurationName = Release;
		};
		519E9D502904ECF500FA732D /* Build configuration list for PBXNativeTarget "TapTouch" */ = {
			isa = XCConfigurationList;
			buildConfigurations = (
				519E9D512904ECF500FA732D /* Debug */,
				519E9D522904ECF500FA732D /* Release */,
			);
			defaultConfigurationIsVisible = 0;
			defaultConfigurationName = Release;
		};
		519E9D532904ECF500FA732D /* Build configuration list for PBXNativeTarget "TapTouchTests" */ = {
			isa = XCConfigurationList;
			buildConfigurations = (
				519E9D542904ECF500FA732D /* Debug */,
				519E9D552904ECF500FA732D /* Release */,
			);
			defaultConfigurationIsVisible = 0;
			defaultConfigurationName = Release;
		};
		519E9D562904ECF500FA732D /* Build configuration list for PBXNativeTarget "TapTouchUITests" */ = {
			isa = XCConfigurationList;
			buildConfigurations = (
				519E9D572904ECF500FA732D /* Debug */,
				519E9D582904ECF500FA732D /* Release */,
			);
			defaultConfigurationIsVisible = 0;
			defaultConfigurationName = Release;
		};
/* End XCConfigurationList section */
	};
	rootObject = 519E9D1E2904ECF400FA732D /* Project object */;
}
