// !$*UTF8*$!
{
	archiveVersion = 1;
	classes = {
	};
	objectVersion = 55;
	objects = {

/* Begin PBXBuildFile section */
		519E9C6F28FEFBE200FA732D /* AppDelegate.swift in Sources */ = {isa = PBXBuildFile; fileRef = 519E9C6E28FEFBE200FA732D /* AppDelegate.swift */; };
		519E9C7128FEFBE200FA732D /* SceneDelegate.swift in Sources */ = {isa = PBXBuildFile; fileRef = 519E9C7028FEFBE200FA732D /* SceneDelegate.swift */; };
		519E9C7328FEFBE200FA732D /* ViewController.swift in Sources */ = {isa = PBXBuildFile; fileRef = 519E9C7228FEFBE200FA732D /* ViewController.swift */; };
		519E9C7628FEFBE200FA732D /* Main.storyboard in Resources */ = {isa = PBXBuildFile; fileRef = 519E9C7428FEFBE200FA732D /* Main.storyboard */; };
		519E9C7828FEFBE300FA732D /* Assets.xcassets in Resources */ = {isa = PBXBuildFile; fileRef = 519E9C7728FEFBE300FA732D /* Assets.xcassets */; };
		519E9C7B28FEFBE300FA732D /* LaunchScreen.storyboard in Resources */ = {isa = PBXBuildFile; fileRef = 519E9C7928FEFBE300FA732D /* LaunchScreen.storyboard */; };
		519E9C8628FEFBE300FA732D /* MoviePlayerTests.swift in Sources */ = {isa = PBXBuildFile; fileRef = 519E9C8528FEFBE300FA732D /* MoviePlayerTests.swift */; };
		519E9C9028FEFBE300FA732D /* MoviePlayerUITests.swift in Sources */ = {isa = PBXBuildFile; fileRef = 519E9C8F28FEFBE300FA732D /* MoviePlayerUITests.swift */; };
		519E9C9228FEFBE300FA732D /* MoviePlayerUITestsLaunchTests.swift in Sources */ = {isa = PBXBuildFile; fileRef = 519E9C9128FEFBE300FA732D /* MoviePlayerUITestsLaunchTests.swift */; };
		519E9CA128FEFD2900FA732D /* Fireworks.jpg in Resources */ = {isa = PBXBuildFile; fileRef = 519E9C9E28FEFD2900FA732D /* Fireworks.jpg */; };
		519E9CA228FEFD2900FA732D /* FastTyping.jpg in Resources */ = {isa = PBXBuildFile; fileRef = 519E9C9F28FEFD2900FA732D /* FastTyping.jpg */; };
		519E9CA328FEFD2900FA732D /* FastTyping.mp4 in Resources */ = {isa = PBXBuildFile; fileRef = 519E9CA028FEFD2900FA732D /* FastTyping.mp4 */; };
/* End PBXBuildFile section */

/* Begin PBXContainerItemProxy section */
		519E9C8228FEFBE300FA732D /* PBXContainerItemProxy */ = {
			isa = PBXContainerItemProxy;
			containerPortal = 519E9C6328FEFBE200FA732D /* Project object */;
			proxyType = 1;
			remoteGlobalIDString = 519E9C6A28FEFBE200FA732D;
			remoteInfo = MoviePlayer;
		};
		519E9C8C28FEFBE300FA732D /* PBXContainerItemProxy */ = {
			isa = PBXContainerItemProxy;
			containerPortal = 519E9C6328FEFBE200FA732D /* Project object */;
			proxyType = 1;
			remoteGlobalIDString = 519E9C6A28FEFBE200FA732D;
			remoteInfo = MoviePlayer;
		};
/* End PBXContainerItemProxy section */

/* Begin PBXFileReference section */
		519E9C6B28FEFBE200FA732D /* MoviePlayer.app */ = {isa = PBXFileReference; explicitFileType = wrapper.application; includeInIndex = 0; path = MoviePlayer.app; sourceTree = BUILT_PRODUCTS_DIR; };
		519E9C6E28FEFBE200FA732D /* AppDelegate.swift */ = {isa = PBXFileReference; lastKnownFileType = sourcecode.swift; path = AppDelegate.swift; sourceTree = "<group>"; };
		519E9C7028FEFBE200FA732D /* SceneDelegate.swift */ = {isa = PBXFileReference; lastKnownFileType = sourcecode.swift; path = SceneDelegate.swift; sourceTree = "<group>"; };
		519E9C7228FEFBE200FA732D /* ViewController.swift */ = {isa = PBXFileReference; lastKnownFileType = sourcecode.swift; path = ViewController.swift; sourceTree = "<group>"; };
		519E9C7528FEFBE200FA732D /* Base */ = {isa = PBXFileReference; lastKnownFileType = file.storyboard; name = Base; path = Base.lproj/Main.storyboard; sourceTree = "<group>"; };
		519E9C7728FEFBE300FA732D /* Assets.xcassets */ = {isa = PBXFileReference; lastKnownFileType = folder.assetcatalog; path = Assets.xcassets; sourceTree = "<group>"; };
		519E9C7A28FEFBE300FA732D /* Base */ = {isa = PBXFileReference; lastKnownFileType = file.storyboard; name = Base; path = Base.lproj/LaunchScreen.storyboard; sourceTree = "<group>"; };
		519E9C7C28FEFBE300FA732D /* Info.plist */ = {isa = PBXFileReference; lastKnownFileType = text.plist.xml; path = Info.plist; sourceTree = "<group>"; };
		519E9C8128FEFBE300FA732D /* MoviePlayerTests.xctest */ = {isa = PBXFileReference; explicitFileType = wrapper.cfbundle; includeInIndex = 0; path = MoviePlayerTests.xctest; sourceTree = BUILT_PRODUCTS_DIR; };
		519E9C8528FEFBE300FA732D /* MoviePlayerTests.swift */ = {isa = PBXFileReference; lastKnownFileType = sourcecode.swift; path = MoviePlayerTests.swift; sourceTree = "<group>"; };
		519E9C8B28FEFBE300FA732D /* MoviePlayerUITests.xctest */ = {isa = PBXFileReference; explicitFileType = wrapper.cfbundle; includeInIndex = 0; path = MoviePlayerUITests.xctest; sourceTree = BUILT_PRODUCTS_DIR; };
		519E9C8F28FEFBE300FA732D /* MoviePlayerUITests.swift */ = {isa = PBXFileReference; lastKnownFileType = sourcecode.swift; path = MoviePlayerUITests.swift; sourceTree = "<group>"; };
		519E9C9128FEFBE300FA732D /* MoviePlayerUITestsLaunchTests.swift */ = {isa = PBXFileReference; lastKnownFileType = sourcecode.swift; path = MoviePlayerUITestsLaunchTests.swift; sourceTree = "<group>"; };
		519E9C9E28FEFD2900FA732D /* Fireworks.jpg */ = {isa = PBXFileReference; lastKnownFileType = image.jpeg; path = Fireworks.jpg; sourceTree = "<group>"; };
		519E9C9F28FEFD2900FA732D /* FastTyping.jpg */ = {isa = PBXFileReference; lastKnownFileType = image.jpeg; path = FastTyping.jpg; sourceTree = "<group>"; };
		519E9CA028FEFD2900FA732D /* FastTyping.mp4 */ = {isa = PBXFileReference; lastKnownFileType = file; path = FastTyping.mp4; sourceTree = "<group>"; };
/* End PBXFileReference section */

/* Begin PBXFrameworksBuildPhase section */
		519E9C6828FEFBE200FA732D /* Frameworks */ = {
			isa = PBXFrameworksBuildPhase;
			buildActionMask = 2147483647;
			files = (
			);
			runOnlyForDeploymentPostprocessing = 0;
		};
		519E9C7E28FEFBE300FA732D /* Frameworks */ = {
			isa = PBXFrameworksBuildPhase;
			buildActionMask = 2147483647;
			files = (
			);
			runOnlyForDeploymentPostprocessing = 0;
		};
		519E9C8828FEFBE300FA732D /* Frameworks */ = {
			isa = PBXFrameworksBuildPhase;
			buildActionMask = 2147483647;
			files = (
			);
			runOnlyForDeploymentPostprocessing = 0;
		};
/* End PBXFrameworksBuildPhase section */

/* Begin PBXGroup section */
		519E9C6228FEFBE200FA732D = {
			isa = PBXGroup;
			children = (
				519E9C6D28FEFBE200FA732D /* MoviePlayer */,
				519E9C8428FEFBE300FA732D /* MoviePlayerTests */,
				519E9C8E28FEFBE300FA732D /* MoviePlayerUITests */,
				519E9C6C28FEFBE200FA732D /* Products */,
			);
			sourceTree = "<group>";
		};
		519E9C6C28FEFBE200FA732D /* Products */ = {
			isa = PBXGroup;
			children = (
				519E9C6B28FEFBE200FA732D /* MoviePlayer.app */,
				519E9C8128FEFBE300FA732D /* MoviePlayerTests.xctest */,
				519E9C8B28FEFBE300FA732D /* MoviePlayerUITests.xctest */,
			);
			name = Products;
			sourceTree = "<group>";
		};
		519E9C6D28FEFBE200FA732D /* MoviePlayer */ = {
			isa = PBXGroup;
			children = (
				519E9CA428FEFDD600FA732D /* Resources */,
				519E9C6E28FEFBE200FA732D /* AppDelegate.swift */,
				519E9C7028FEFBE200FA732D /* SceneDelegate.swift */,
				519E9C7228FEFBE200FA732D /* ViewController.swift */,
				519E9C7428FEFBE200FA732D /* Main.storyboard */,
				519E9C7728FEFBE300FA732D /* Assets.xcassets */,
				519E9C7928FEFBE300FA732D /* LaunchScreen.storyboard */,
				519E9C7C28FEFBE300FA732D /* Info.plist */,
			);
			path = MoviePlayer;
			sourceTree = "<group>";
		};
		519E9C8428FEFBE300FA732D /* MoviePlayerTests */ = {
			isa = PBXGroup;
			children = (
				519E9C8528FEFBE300FA732D /* MoviePlayerTests.swift */,
			);
			path = MoviePlayerTests;
			sourceTree = "<group>";
		};
		519E9C8E28FEFBE300FA732D /* MoviePlayerUITests */ = {
			isa = PBXGroup;
			children = (
				519E9C8F28FEFBE300FA732D /* MoviePlayerUITests.swift */,
				519E9C9128FEFBE300FA732D /* MoviePlayerUITestsLaunchTests.swift */,
			);
			path = MoviePlayerUITests;
			sourceTree = "<group>";
		};
		519E9CA428FEFDD600FA732D /* Resources */ = {
			isa = PBXGroup;
			children = (
				519E9C9F28FEFD2900FA732D /* FastTyping.jpg */,
				519E9CA028FEFD2900FA732D /* FastTyping.mp4 */,
				519E9C9E28FEFD2900FA732D /* Fireworks.jpg */,
			);
			path = Resources;
			sourceTree = "<group>";
		};
/* End PBXGroup section */

/* Begin PBXNativeTarget section */
		519E9C6A28FEFBE200FA732D /* MoviePlayer */ = {
			isa = PBXNativeTarget;
			buildConfigurationList = 519E9C9528FEFBE300FA732D /* Build configuration list for PBXNativeTarget "MoviePlayer" */;
			buildPhases = (
				519E9C6728FEFBE200FA732D /* Sources */,
				519E9C6828FEFBE200FA732D /* Frameworks */,
				519E9C6928FEFBE200FA732D /* Resources */,
			);
			buildRules = (
			);
			dependencies = (
			);
			name = MoviePlayer;
			productName = MoviePlayer;
			productReference = 519E9C6B28FEFBE200FA732D /* MoviePlayer.app */;
			productType = "com.apple.product-type.application";
		};
		519E9C8028FEFBE300FA732D /* MoviePlayerTests */ = {
			isa = PBXNativeTarget;
			buildConfigurationList = 519E9C9828FEFBE300FA732D /* Build configuration list for PBXNativeTarget "MoviePlayerTests" */;
			buildPhases = (
				519E9C7D28FEFBE300FA732D /* Sources */,
				519E9C7E28FEFBE300FA732D /* Frameworks */,
				519E9C7F28FEFBE300FA732D /* Resources */,
			);
			buildRules = (
			);
			dependencies = (
				519E9C8328FEFBE300FA732D /* PBXTargetDependency */,
			);
			name = MoviePlayerTests;
			productName = MoviePlayerTests;
			productReference = 519E9C8128FEFBE300FA732D /* MoviePlayerTests.xctest */;
			productType = "com.apple.product-type.bundle.unit-test";
		};
		519E9C8A28FEFBE300FA732D /* MoviePlayerUITests */ = {
			isa = PBXNativeTarget;
			buildConfigurationList = 519E9C9B28FEFBE300FA732D /* Build configuration list for PBXNativeTarget "MoviePlayerUITests" */;
			buildPhases = (
				519E9C8728FEFBE300FA732D /* Sources */,
				519E9C8828FEFBE300FA732D /* Frameworks */,
				519E9C8928FEFBE300FA732D /* Resources */,
			);
			buildRules = (
			);
			dependencies = (
				519E9C8D28FEFBE300FA732D /* PBXTargetDependency */,
			);
			name = MoviePlayerUITests;
			productName = MoviePlayerUITests;
			productReference = 519E9C8B28FEFBE300FA732D /* MoviePlayerUITests.xctest */;
			productType = "com.apple.product-type.bundle.ui-testing";
		};
/* End PBXNativeTarget section */

/* Begin PBXProject section */
		519E9C6328FEFBE200FA732D /* Project object */ = {
			isa = PBXProject;
			attributes = {
				BuildIndependentTargetsInParallel = 1;
				LastSwiftUpdateCheck = 1340;
				LastUpgradeCheck = 1340;
				TargetAttributes = {
					519E9C6A28FEFBE200FA732D = {
						CreatedOnToolsVersion = 13.4.1;
					};
					519E9C8028FEFBE300FA732D = {
						CreatedOnToolsVersion = 13.4.1;
						TestTargetID = 519E9C6A28FEFBE200FA732D;
					};
					519E9C8A28FEFBE300FA732D = {
						CreatedOnToolsVersion = 13.4.1;
						TestTargetID = 519E9C6A28FEFBE200FA732D;
					};
				};
			};
			buildConfigurationList = 519E9C6628FEFBE200FA732D /* Build configuration list for PBXProject "MoviePlayer" */;
			compatibilityVersion = "Xcode 13.0";
			developmentRegion = en;
			hasScannedForEncodings = 0;
			knownRegions = (
				en,
				Base,
			);
			mainGroup = 519E9C6228FEFBE200FA732D;
			productRefGroup = 519E9C6C28FEFBE200FA732D /* Products */;
			projectDirPath = "";
			projectRoot = "";
			targets = (
				519E9C6A28FEFBE200FA732D /* MoviePlayer */,
				519E9C8028FEFBE300FA732D /* MoviePlayerTests */,
				519E9C8A28FEFBE300FA732D /* MoviePlayerUITests */,
			);
		};
/* End PBXProject section */

/* Begin PBXResourcesBuildPhase section */
		519E9C6928FEFBE200FA732D /* Resources */ = {
			isa = PBXResourcesBuildPhase;
			buildActionMask = 2147483647;
			files = (
				519E9CA128FEFD2900FA732D /* Fireworks.jpg in Resources */,
				519E9C7B28FEFBE300FA732D /* LaunchScreen.storyboard in Resources */,
				519E9CA328FEFD2900FA732D /* FastTyping.mp4 in Resources */,
				519E9CA228FEFD2900FA732D /* FastTyping.jpg in Resources */,
				519E9C7828FEFBE300FA732D /* Assets.xcassets in Resources */,
				519E9C7628FEFBE200FA732D /* Main.storyboard in Resources */,
			);
			runOnlyForDeploymentPostprocessing = 0;
		};
		519E9C7F28FEFBE300FA732D /* Resources */ = {
			isa = PBXResourcesBuildPhase;
			buildActionMask = 2147483647;
			files = (
			);
			runOnlyForDeploymentPostprocessing = 0;
		};
		519E9C8928FEFBE300FA732D /* Resources */ = {
			isa = PBXResourcesBuildPhase;
			buildActionMask = 2147483647;
			files = (
			);
			runOnlyForDeploymentPostprocessing = 0;
		};
/* End PBXResourcesBuildPhase section */

/* Begin PBXSourcesBuildPhase section */
		519E9C6728FEFBE200FA732D /* Sources */ = {
			isa = PBXSourcesBuildPhase;
			buildActionMask = 2147483647;
			files = (
				519E9C7328FEFBE200FA732D /* ViewController.swift in Sources */,
				519E9C6F28FEFBE200FA732D /* AppDelegate.swift in Sources */,
				519E9C7128FEFBE200FA732D /* SceneDelegate.swift in Sources */,
			);
			runOnlyForDeploymentPostprocessing = 0;
		};
		519E9C7D28FEFBE300FA732D /* Sources */ = {
			isa = PBXSourcesBuildPhase;
			buildActionMask = 2147483647;
			files = (
				519E9C8628FEFBE300FA732D /* MoviePlayerTests.swift in Sources */,
			);
			runOnlyForDeploymentPostprocessing = 0;
		};
		519E9C8728FEFBE300FA732D /* Sources */ = {
			isa = PBXSourcesBuildPhase;
			buildActionMask = 2147483647;
			files = (
				519E9C9228FEFBE300FA732D /* MoviePlayerUITestsLaunchTests.swift in Sources */,
				519E9C9028FEFBE300FA732D /* MoviePlayerUITests.swift in Sources */,
			);
			runOnlyForDeploymentPostprocessing = 0;
		};
/* End PBXSourcesBuildPhase section */

/* Begin PBXTargetDependency section */
		519E9C8328FEFBE300FA732D /* PBXTargetDependency */ = {
			isa = PBXTargetDependency;
			target = 519E9C6A28FEFBE200FA732D /* MoviePlayer */;
			targetProxy = 519E9C8228FEFBE300FA732D /* PBXContainerItemProxy */;
		};
		519E9C8D28FEFBE300FA732D /* PBXTargetDependency */ = {
			isa = PBXTargetDependency;
			target = 519E9C6A28FEFBE200FA732D /* MoviePlayer */;
			targetProxy = 519E9C8C28FEFBE300FA732D /* PBXContainerItemProxy */;
		};
/* End PBXTargetDependency section */

/* Begin PBXVariantGroup section */
		519E9C7428FEFBE200FA732D /* Main.storyboard */ = {
			isa = PBXVariantGroup;
			children = (
				519E9C7528FEFBE200FA732D /* Base */,
			);
			name = Main.storyboard;
			sourceTree = "<group>";
		};
		519E9C7928FEFBE300FA732D /* LaunchScreen.storyboard */ = {
			isa = PBXVariantGroup;
			children = (
				519E9C7A28FEFBE300FA732D /* Base */,
			);
			name = LaunchScreen.storyboard;
			sourceTree = "<group>";
		};
/* End PBXVariantGroup section */

/* Begin XCBuildConfiguration section */
		519E9C9328FEFBE300FA732D /* Debug */ = {
			isa = XCBuildConfiguration;
			buildSettings = {
				ALWAYS_SEARCH_USER_PATHS = NO;
				CLANG_ANALYZER_NONNULL = YES;
				CLANG_ANALYZER_NUMBER_OBJECT_CONVERSION = YES_AGGRESSIVE;
				CLANG_CXX_LANGUAGE_STANDARD = "gnu++17";
				CLANG_ENABLE_MODULES = YES;
				CLANG_ENABLE_OBJC_ARC = YES;
				CLANG_ENABLE_OBJC_WEAK = YES;
				CLANG_WARN_BLOCK_CAPTURE_AUTORELEASING = YES;
				CLANG_WARN_BOOL_CONVERSION = YES;
				CLANG_WARN_COMMA = YES;
				CLANG_WARN_CONSTANT_CONVERSION = YES;
				CLANG_WARN_DEPRECATED_OBJC_IMPLEMENTATIONS = YES;
				CLANG_WARN_DIRECT_OBJC_ISA_USAGE = YES_ERROR;
				CLANG_WARN_DOCUMENTATION_COMMENTS = YES;
				CLANG_WARN_EMPTY_BODY = YES;
				CLANG_WARN_ENUM_CONVERSION = YES;
				CLANG_WARN_INFINITE_RECURSION = YES;
				CLANG_WARN_INT_CONVERSION = YES;
				CLANG_WARN_NON_LITERAL_NULL_CONVERSION = YES;
				CLANG_WARN_OBJC_IMPLICIT_RETAIN_SELF = YES;
				CLANG_WARN_OBJC_LITERAL_CONVERSION = YES;
				CLANG_WARN_OBJC_ROOT_CLASS = YES_ERROR;
				CLANG_WARN_QUOTED_INCLUDE_IN_FRAMEWORK_HEADER = YES;
				CLANG_WARN_RANGE_LOOP_ANALYSIS = YES;
				CLANG_WARN_STRICT_PROTOTYPES = YES;
				CLANG_WARN_SUSPICIOUS_MOVE = YES;
				CLANG_WARN_UNGUARDED_AVAILABILITY = YES_AGGRESSIVE;
				CLANG_WARN_UNREACHABLE_CODE = YES;
				CLANG_WARN__DUPLICATE_METHOD_MATCH = YES;
				COPY_PHASE_STRIP = NO;
				DEBUG_INFORMATION_FORMAT = dwarf;
				ENABLE_STRICT_OBJC_MSGSEND = YES;
				ENABLE_TESTABILITY = YES;
				GCC_C_LANGUAGE_STANDARD = gnu11;
				GCC_DYNAMIC_NO_PIC = NO;
				GCC_NO_COMMON_BLOCKS = YES;
				GCC_OPTIMIZATION_LEVEL = 0;
				GCC_PREPROCESSOR_DEFINITIONS = (
					"DEBUG=1",
					"$(inherited)",
				);
				GCC_WARN_64_TO_32_BIT_CONVERSION = YES;
				GCC_WARN_ABOUT_RETURN_TYPE = YES_ERROR;
				GCC_WARN_UNDECLARED_SELECTOR = YES;
				GCC_WARN_UNINITIALIZED_AUTOS = YES_AGGRESSIVE;
				GCC_WARN_UNUSED_FUNCTION = YES;
				GCC_WARN_UNUSED_VARIABLE = YES;
				IPHONEOS_DEPLOYMENT_TARGET = 15.5;
				MTL_ENABLE_DEBUG_INFO = INCLUDE_SOURCE;
				MTL_FAST_MATH = YES;
				ONLY_ACTIVE_ARCH = YES;
				SDKROOT = iphoneos;
				SWIFT_ACTIVE_COMPILATION_CONDITIONS = DEBUG;
				SWIFT_OPTIMIZATION_LEVEL = "-Onone";
			};
			name = Debug;
		};
		519E9C9428FEFBE300FA732D /* Release */ = {
			isa = XCBuildConfiguration;
			buildSettings = {
				ALWAYS_SEARCH_USER_PATHS = NO;
				CLANG_ANALYZER_NONNULL = YES;
				CLANG_ANALYZER_NUMBER_OBJECT_CONVERSION = YES_AGGRESSIVE;
				CLANG_CXX_LANGUAGE_STANDARD = "gnu++17";
				CLANG_ENABLE_MODULES = YES;
				CLANG_ENABLE_OBJC_ARC = YES;
				CLANG_ENABLE_OBJC_WEAK = YES;
				CLANG_WARN_BLOCK_CAPTURE_AUTORELEASING = YES;
				CLANG_WARN_BOOL_CONVERSION = YES;
				CLANG_WARN_COMMA = YES;
				CLANG_WARN_CONSTANT_CONVERSION = YES;
				CLANG_WARN_DEPRECATED_OBJC_IMPLEMENTATIONS = YES;
				CLANG_WARN_DIRECT_OBJC_ISA_USAGE = YES_ERROR;
				CLANG_WARN_DOCUMENTATION_COMMENTS = YES;
				CLANG_WARN_EMPTY_BODY = YES;
				CLANG_WARN_ENUM_CONVERSION = YES;
				CLANG_WARN_INFINITE_RECURSION = YES;
				CLANG_WARN_INT_CONVERSION = YES;
				CLANG_WARN_NON_LITERAL_NULL_CONVERSION = YES;
				CLANG_WARN_OBJC_IMPLICIT_RETAIN_SELF = YES;
				CLANG_WARN_OBJC_LITERAL_CONVERSION = YES;
				CLANG_WARN_OBJC_ROOT_CLASS = YES_ERROR;
				CLANG_WARN_QUOTED_INCLUDE_IN_FRAMEWORK_HEADER = YES;
				CLANG_WARN_RANGE_LOOP_ANALYSIS = YES;
				CLANG_WARN_STRICT_PROTOTYPES = YES;
				CLANG_WARN_SUSPICIOUS_MOVE = YES;
				CLANG_WARN_UNGUARDED_AVAILABILITY = YES_AGGRESSIVE;
				CLANG_WARN_UNREACHABLE_CODE = YES;
				CLANG_WARN__DUPLICATE_METHOD_MATCH = YES;
				COPY_PHASE_STRIP = NO;
				DEBUG_INFORMATION_FORMAT = "dwarf-with-dsym";
				ENABLE_NS_ASSERTIONS = NO;
				ENABLE_STRICT_OBJC_MSGSEND = YES;
				GCC_C_LANGUAGE_STANDARD = gnu11;
				GCC_NO_COMMON_BLOCKS = YES;
				GCC_WARN_64_TO_32_BIT_CONVERSION = YES;
				GCC_WARN_ABOUT_RETURN_TYPE = YES_ERROR;
				GCC_WARN_UNDECLARED_SELECTOR = YES;
				GCC_WARN_UNINITIALIZED_AUTOS = YES_AGGRESSIVE;
				GCC_WARN_UNUSED_FUNCTION = YES;
				GCC_WARN_UNUSED_VARIABLE = YES;
				IPHONEOS_DEPLOYMENT_TARGET = 15.5;
				MTL_ENABLE_DEBUG_INFO = NO;
				MTL_FAST_MATH = YES;
				SDKROOT = iphoneos;
				SWIFT_COMPILATION_MODE = wholemodule;
				SWIFT_OPTIMIZATION_LEVEL = "-O";
				VALIDATE_PRODUCT = YES;
			};
			name = Release;
		};
		519E9C9628FEFBE300FA732D /* Debug */ = {
			isa = XCBuildConfiguration;
			buildSettings = {
				ASSETCATALOG_COMPILER_APPICON_NAME = AppIcon;
				ASSETCATALOG_COMPILER_GLOBAL_ACCENT_COLOR_NAME = AccentColor;
				CODE_SIGN_STYLE = Automatic;
				CURRENT_PROJECT_VERSION = 1;
				GENERATE_INFOPLIST_FILE = YES;
				INFOPLIST_FILE = MoviePlayer/Info.plist;
				INFOPLIST_KEY_UIApplicationSupportsIndirectInputEvents = YES;
				INFOPLIST_KEY_UILaunchStoryboardName = LaunchScreen;
				INFOPLIST_KEY_UIMainStoryboardFile = Main;
				INFOPLIST_KEY_UISupportedInterfaceOrientations_iPad = "UIInterfaceOrientationPortrait UIInterfaceOrientationPortraitUpsideDown UIInterfaceOrientationLandscapeLeft UIInterfaceOrientationLandscapeRight";
				INFOPLIST_KEY_UISupportedInterfaceOrientations_iPhone = "UIInterfaceOrientationPortrait UIInterfaceOrientationLandscapeLeft UIInterfaceOrientationLandscapeRight";
				LD_RUNPATH_SEARCH_PATHS = (
					"$(inherited)",
					"@executable_path/Frameworks",
				);
				MARKETING_VERSION = 1.0;
				PRODUCT_BUNDLE_IDENTIFIER = com.mycompany.MoviePlayer;
				PRODUCT_NAME = "$(TARGET_NAME)";
				SWIFT_EMIT_LOC_STRINGS = YES;
				SWIFT_VERSION = 5.0;
				TARGETED_DEVICE_FAMILY = "1,2";
			};
			name = Debug;
		};
		519E9C9728FEFBE300FA732D /* Release */ = {
			isa = XCBuildConfiguration;
			buildSettings = {
				ASSETCATALOG_COMPILER_APPICON_NAME = AppIcon;
				ASSETCATALOG_COMPILER_GLOBAL_ACCENT_COLOR_NAME = AccentColor;
				CODE_SIGN_STYLE = Automatic;
				CURRENT_PROJECT_VERSION = 1;
				GENERATE_INFOPLIST_FILE = YES;
				INFOPLIST_FILE = MoviePlayer/Info.plist;
				INFOPLIST_KEY_UIApplicationSupportsIndirectInputEvents = YES;
				INFOPLIST_KEY_UILaunchStoryboardName = LaunchScreen;
				INFOPLIST_KEY_UIMainStoryboardFile = Main;
				INFOPLIST_KEY_UISupportedInterfaceOrientations_iPad = "UIInterfaceOrientationPortrait UIInterfaceOrientationPortraitUpsideDown UIInterfaceOrientationLandscapeLeft UIInterfaceOrientationLandscapeRight";
				INFOPLIST_KEY_UISupportedInterfaceOrientations_iPhone = "UIInterfaceOrientationPortrait UIInterfaceOrientationLandscapeLeft UIInterfaceOrientationLandscapeRight";
				LD_RUNPATH_SEARCH_PATHS = (
					"$(inherited)",
					"@executable_path/Frameworks",
				);
				MARKETING_VERSION = 1.0;
				PRODUCT_BUNDLE_IDENTIFIER = com.mycompany.MoviePlayer;
				PRODUCT_NAME = "$(TARGET_NAME)";
				SWIFT_EMIT_LOC_STRINGS = YES;
				SWIFT_VERSION = 5.0;
				TARGETED_DEVICE_FAMILY = "1,2";
			};
			name = Release;
		};
		519E9C9928FEFBE300FA732D /* Debug */ = {
			isa = XCBuildConfiguration;
			buildSettings = {
				ALWAYS_EMBED_SWIFT_STANDARD_LIBRARIES = YES;
				BUNDLE_LOADER = "$(TEST_HOST)";
				CODE_SIGN_STYLE = Automatic;
				CURRENT_PROJECT_VERSION = 1;
				GENERATE_INFOPLIST_FILE = YES;
				IPHONEOS_DEPLOYMENT_TARGET = 15.5;
				MARKETING_VERSION = 1.0;
				PRODUCT_BUNDLE_IDENTIFIER = com.mycompany.MoviePlayerTests;
				PRODUCT_NAME = "$(TARGET_NAME)";
				SWIFT_EMIT_LOC_STRINGS = NO;
				SWIFT_VERSION = 5.0;
				TARGETED_DEVICE_FAMILY = "1,2";
				TEST_HOST = "$(BUILT_PRODUCTS_DIR)/MoviePlayer.app/MoviePlayer";
			};
			name = Debug;
		};
		519E9C9A28FEFBE300FA732D /* Release */ = {
			isa = XCBuildConfiguration;
			buildSettings = {
				ALWAYS_EMBED_SWIFT_STANDARD_LIBRARIES = YES;
				BUNDLE_LOADER = "$(TEST_HOST)";
				CODE_SIGN_STYLE = Automatic;
				CURRENT_PROJECT_VERSION = 1;
				GENERATE_INFOPLIST_FILE = YES;
				IPHONEOS_DEPLOYMENT_TARGET = 15.5;
				MARKETING_VERSION = 1.0;
				PRODUCT_BUNDLE_IDENTIFIER = com.mycompany.MoviePlayerTests;
				PRODUCT_NAME = "$(TARGET_NAME)";
				SWIFT_EMIT_LOC_STRINGS = NO;
				SWIFT_VERSION = 5.0;
				TARGETED_DEVICE_FAMILY = "1,2";
				TEST_HOST = "$(BUILT_PRODUCTS_DIR)/MoviePlayer.app/MoviePlayer";
			};
			name = Release;
		};
		519E9C9C28FEFBE300FA732D /* Debug */ = {
			isa = XCBuildConfiguration;
			buildSettings = {
				ALWAYS_EMBED_SWIFT_STANDARD_LIBRARIES = YES;
				CODE_SIGN_STYLE = Automatic;
				CURRENT_PROJECT_VERSION = 1;
				GENERATE_INFOPLIST_FILE = YES;
				MARKETING_VERSION = 1.0;
				PRODUCT_BUNDLE_IDENTIFIER = com.mycompany.MoviePlayerUITests;
				PRODUCT_NAME = "$(TARGET_NAME)";
				SWIFT_EMIT_LOC_STRINGS = NO;
				SWIFT_VERSION = 5.0;
				TARGETED_DEVICE_FAMILY = "1,2";
				TEST_TARGET_NAME = MoviePlayer;
			};
			name = Debug;
		};
		519E9C9D28FEFBE300FA732D /* Release */ = {
			isa = XCBuildConfiguration;
			buildSettings = {
				ALWAYS_EMBED_SWIFT_STANDARD_LIBRARIES = YES;
				CODE_SIGN_STYLE = Automatic;
				CURRENT_PROJECT_VERSION = 1;
				GENERATE_INFOPLIST_FILE = YES;
				MARKETING_VERSION = 1.0;
				PRODUCT_BUNDLE_IDENTIFIER = com.mycompany.MoviePlayerUITests;
				PRODUCT_NAME = "$(TARGET_NAME)";
				SWIFT_EMIT_LOC_STRINGS = NO;
				SWIFT_VERSION = 5.0;
				TARGETED_DEVICE_FAMILY = "1,2";
				TEST_TARGET_NAME = MoviePlayer;
			};
			name = Release;
		};
/* End XCBuildConfiguration section */

/* Begin XCConfigurationList section */
		519E9C6628FEFBE200FA732D /* Build configuration list for PBXProject "MoviePlayer" */ = {
			isa = XCConfigurationList;
			buildConfigurations = (
				519E9C9328FEFBE300FA732D /* Debug */,
				519E9C9428FEFBE300FA732D /* Release */,
			);
			defaultConfigurationIsVisible = 0;
			defaultConfigurationName = Release;
		};
		519E9C9528FEFBE300FA732D /* Build configuration list for PBXNativeTarget "MoviePlayer" */ = {
			isa = XCConfigurationList;
			buildConfigurations = (
				519E9C9628FEFBE300FA732D /* Debug */,
				519E9C9728FEFBE300FA732D /* Release */,
			);
			defaultConfigurationIsVisible = 0;
			defaultConfigurationName = Release;
		};
		519E9C9828FEFBE300FA732D /* Build configuration list for PBXNativeTarget "MoviePlayerTests" */ = {
			isa = XCConfigurationList;
			buildConfigurations = (
				519E9C9928FEFBE300FA732D /* Debug */,
				519E9C9A28FEFBE300FA732D /* Release */,
			);
			defaultConfigurationIsVisible = 0;
			defaultConfigurationName = Release;
		};
		519E9C9B28FEFBE300FA732D /* Build configuration list for PBXNativeTarget "MoviePlayerUITests" */ = {
			isa = XCConfigurationList;
			buildConfigurations = (
				519E9C9C28FEFBE300FA732D /* Debug */,
				519E9C9D28FEFBE300FA732D /* Release */,
			);
			defaultConfigurationIsVisible = 0;
			defaultConfigurationName = Release;
		};
/* End XCConfigurationList section */
	};
	rootObject = 519E9C6328FEFBE200FA732D /* Project object */;
}
