// !$*UTF8*$!
{
	archiveVersion = 1;
	classes = {
	};
	objectVersion = 55;
	objects = {

/* Begin PBXBuildFile section */
		519E9DA22904FD8700FA732D /* AppDelegate.swift in Sources */ = {isa = PBXBuildFile; fileRef = 519E9DA12904FD8700FA732D /* AppDelegate.swift */; };
		519E9DA42904FD8700FA732D /* SceneDelegate.swift in Sources */ = {isa = PBXBuildFile; fileRef = 519E9DA32904FD8700FA732D /* SceneDelegate.swift */; };
		519E9DA62904FD8700FA732D /* ViewController.swift in Sources */ = {isa = PBXBuildFile; fileRef = 519E9DA52904FD8700FA732D /* ViewController.swift */; };
		519E9DA92904FD8700FA732D /* Main.storyboard in Resources */ = {isa = PBXBuildFile; fileRef = 519E9DA72904FD8700FA732D /* Main.storyboard */; };
		519E9DAB2904FD8800FA732D /* Assets.xcassets in Resources */ = {isa = PBXBuildFile; fileRef = 519E9DAA2904FD8800FA732D /* Assets.xcassets */; };
		519E9DAE2904FD8800FA732D /* LaunchScreen.storyboard in Resources */ = {isa = PBXBuildFile; fileRef = 519E9DAC2904FD8800FA732D /* LaunchScreen.storyboard */; };
		519E9DB92904FD8800FA732D /* SwipeGestureTests.swift in Sources */ = {isa = PBXBuildFile; fileRef = 519E9DB82904FD8800FA732D /* SwipeGestureTests.swift */; };
		519E9DC32904FD8800FA732D /* SwipeGestureUITests.swift in Sources */ = {isa = PBXBuildFile; fileRef = 519E9DC22904FD8800FA732D /* SwipeGestureUITests.swift */; };
		519E9DC52904FD8800FA732D /* SwipeGestureUITestsLaunchTests.swift in Sources */ = {isa = PBXBuildFile; fileRef = 519E9DC42904FD8800FA732D /* SwipeGestureUITestsLaunchTests.swift */; };
		519E9DDE290559BD00FA732D /* arrow-left-green.png in Resources */ = {isa = PBXBuildFile; fileRef = 519E9DD2290559BD00FA732D /* arrow-left-green.png */; };
		519E9DDF290559BD00FA732D /* arrow-left-red.png in Resources */ = {isa = PBXBuildFile; fileRef = 519E9DD3290559BD00FA732D /* arrow-left-red.png */; };
		519E9DE0290559BD00FA732D /* arrow-down-red.png in Resources */ = {isa = PBXBuildFile; fileRef = 519E9DD4290559BD00FA732D /* arrow-down-red.png */; };
		519E9DE1290559BD00FA732D /* arrow-down-green.png in Resources */ = {isa = PBXBuildFile; fileRef = 519E9DD5290559BD00FA732D /* arrow-down-green.png */; };
		519E9DE2290559BD00FA732D /* arrow-down-black.png in Resources */ = {isa = PBXBuildFile; fileRef = 519E9DD6290559BD00FA732D /* arrow-down-black.png */; };
		519E9DE3290559BD00FA732D /* arrow-right-green.png in Resources */ = {isa = PBXBuildFile; fileRef = 519E9DD7290559BD00FA732D /* arrow-right-green.png */; };
		519E9DE4290559BD00FA732D /* arrow-right-black.png in Resources */ = {isa = PBXBuildFile; fileRef = 519E9DD8290559BD00FA732D /* arrow-right-black.png */; };
		519E9DE5290559BD00FA732D /* arrow-right-red.png in Resources */ = {isa = PBXBuildFile; fileRef = 519E9DD9290559BD00FA732D /* arrow-right-red.png */; };
		519E9DE6290559BD00FA732D /* arrow-up-black.png in Resources */ = {isa = PBXBuildFile; fileRef = 519E9DDA290559BD00FA732D /* arrow-up-black.png */; };
		519E9DE7290559BD00FA732D /* arrow-left-black.png in Resources */ = {isa = PBXBuildFile; fileRef = 519E9DDB290559BD00FA732D /* arrow-left-black.png */; };
		519E9DE8290559BD00FA732D /* arrow-up-red.png in Resources */ = {isa = PBXBuildFile; fileRef = 519E9DDC290559BD00FA732D /* arrow-up-red.png */; };
		519E9DE9290559BD00FA732D /* arrow-up-green.png in Resources */ = {isa = PBXBuildFile; fileRef = 519E9DDD290559BD00FA732D /* arrow-up-green.png */; };
/* End PBXBuildFile section */

/* Begin PBXContainerItemProxy section */
		519E9DB52904FD8800FA732D /* PBXContainerItemProxy */ = {
			isa = PBXContainerItemProxy;
			containerPortal = 519E9D962904FD8700FA732D /* Project object */;
			proxyType = 1;
			remoteGlobalIDString = 519E9D9D2904FD8700FA732D;
			remoteInfo = SwipeGesture;
		};
		519E9DBF2904FD8800FA732D /* PBXContainerItemProxy */ = {
			isa = PBXContainerItemProxy;
			containerPortal = 519E9D962904FD8700FA732D /* Project object */;
			proxyType = 1;
			remoteGlobalIDString = 519E9D9D2904FD8700FA732D;
			remoteInfo = SwipeGesture;
		};
/* End PBXContainerItemProxy section */

/* Begin PBXFileReference section */
		519E9D9E2904FD8700FA732D /* SwipeGesture.app */ = {isa = PBXFileReference; explicitFileType = wrapper.application; includeInIndex = 0; path = SwipeGesture.app; sourceTree = BUILT_PRODUCTS_DIR; };
		519E9DA12904FD8700FA732D /* AppDelegate.swift */ = {isa = PBXFileReference; lastKnownFileType = sourcecode.swift; path = AppDelegate.swift; sourceTree = "<group>"; };
		519E9DA32904FD8700FA732D /* SceneDelegate.swift */ = {isa = PBXFileReference; lastKnownFileType = sourcecode.swift; path = SceneDelegate.swift; sourceTree = "<group>"; };
		519E9DA52904FD8700FA732D /* ViewController.swift */ = {isa = PBXFileReference; lastKnownFileType = sourcecode.swift; path = ViewController.swift; sourceTree = "<group>"; };
		519E9DA82904FD8700FA732D /* Base */ = {isa = PBXFileReference; lastKnownFileType = file.storyboard; name = Base; path = Base.lproj/Main.storyboard; sourceTree = "<group>"; };
		519E9DAA2904FD8800FA732D /* Assets.xcassets */ = {isa = PBXFileReference; lastKnownFileType = folder.assetcatalog; path = Assets.xcassets; sourceTree = "<group>"; };
		519E9DAD2904FD8800FA732D /* Base */ = {isa = PBXFileReference; lastKnownFileType = file.storyboard; name = Base; path = Base.lproj/LaunchScreen.storyboard; sourceTree = "<group>"; };
		519E9DAF2904FD8800FA732D /* Info.plist */ = {isa = PBXFileReference; lastKnownFileType = text.plist.xml; path = Info.plist; sourceTree = "<group>"; };
		519E9DB42904FD8800FA732D /* SwipeGestureTests.xctest */ = {isa = PBXFileReference; explicitFileType = wrapper.cfbundle; includeInIndex = 0; path = SwipeGestureTests.xctest; sourceTree = BUILT_PRODUCTS_DIR; };
		519E9DB82904FD8800FA732D /* SwipeGestureTests.swift */ = {isa = PBXFileReference; lastKnownFileType = sourcecode.swift; path = SwipeGestureTests.swift; sourceTree = "<group>"; };
		519E9DBE2904FD8800FA732D /* SwipeGestureUITests.xctest */ = {isa = PBXFileReference; explicitFileType = wrapper.cfbundle; includeInIndex = 0; path = SwipeGestureUITests.xctest; sourceTree = BUILT_PRODUCTS_DIR; };
		519E9DC22904FD8800FA732D /* SwipeGestureUITests.swift */ = {isa = PBXFileReference; lastKnownFileType = sourcecode.swift; path = SwipeGestureUITests.swift; sourceTree = "<group>"; };
		519E9DC42904FD8800FA732D /* SwipeGestureUITestsLaunchTests.swift */ = {isa = PBXFileReference; lastKnownFileType = sourcecode.swift; path = SwipeGestureUITestsLaunchTests.swift; sourceTree = "<group>"; };
		519E9DD2290559BD00FA732D /* arrow-left-green.png */ = {isa = PBXFileReference; lastKnownFileType = image.png; path = "arrow-left-green.png"; sourceTree = "<group>"; };
		519E9DD3290559BD00FA732D /* arrow-left-red.png */ = {isa = PBXFileReference; lastKnownFileType = image.png; path = "arrow-left-red.png"; sourceTree = "<group>"; };
		519E9DD4290559BD00FA732D /* arrow-down-red.png */ = {isa = PBXFileReference; lastKnownFileType = image.png; path = "arrow-down-red.png"; sourceTree = "<group>"; };
		519E9DD5290559BD00FA732D /* arrow-down-green.png */ = {isa = PBXFileReference; lastKnownFileType = image.png; path = "arrow-down-green.png"; sourceTree = "<group>"; };
		519E9DD6290559BD00FA732D /* arrow-down-black.png */ = {isa = PBXFileReference; lastKnownFileType = image.png; path = "arrow-down-black.png"; sourceTree = "<group>"; };
		519E9DD7290559BD00FA732D /* arrow-right-green.png */ = {isa = PBXFileReference; lastKnownFileType = image.png; path = "arrow-right-green.png"; sourceTree = "<group>"; };
		519E9DD8290559BD00FA732D /* arrow-right-black.png */ = {isa = PBXFileReference; lastKnownFileType = image.png; path = "arrow-right-black.png"; sourceTree = "<group>"; };
		519E9DD9290559BD00FA732D /* arrow-right-red.png */ = {isa = PBXFileReference; lastKnownFileType = image.png; path = "arrow-right-red.png"; sourceTree = "<group>"; };
		519E9DDA290559BD00FA732D /* arrow-up-black.png */ = {isa = PBXFileReference; lastKnownFileType = image.png; path = "arrow-up-black.png"; sourceTree = "<group>"; };
		519E9DDB290559BD00FA732D /* arrow-left-black.png */ = {isa = PBXFileReference; lastKnownFileType = image.png; path = "arrow-left-black.png"; sourceTree = "<group>"; };
		519E9DDC290559BD00FA732D /* arrow-up-red.png */ = {isa = PBXFileReference; lastKnownFileType = image.png; path = "arrow-up-red.png"; sourceTree = "<group>"; };
		519E9DDD290559BD00FA732D /* arrow-up-green.png */ = {isa = PBXFileReference; lastKnownFileType = image.png; path = "arrow-up-green.png"; sourceTree = "<group>"; };
/* End PBXFileReference section */

/* Begin PBXFrameworksBuildPhase section */
		519E9D9B2904FD8700FA732D /* Frameworks */ = {
			isa = PBXFrameworksBuildPhase;
			buildActionMask = 2147483647;
			files = (
			);
			runOnlyForDeploymentPostprocessing = 0;
		};
		519E9DB12904FD8800FA732D /* Frameworks */ = {
			isa = PBXFrameworksBuildPhase;
			buildActionMask = 2147483647;
			files = (
			);
			runOnlyForDeploymentPostprocessing = 0;
		};
		519E9DBB2904FD8800FA732D /* Frameworks */ = {
			isa = PBXFrameworksBuildPhase;
			buildActionMask = 2147483647;
			files = (
			);
			runOnlyForDeploymentPostprocessing = 0;
		};
/* End PBXFrameworksBuildPhase section */

/* Begin PBXGroup section */
		519E9D952904FD8700FA732D = {
			isa = PBXGroup;
			children = (
				519E9DA02904FD8700FA732D /* SwipeGesture */,
				519E9DB72904FD8800FA732D /* SwipeGestureTests */,
				519E9DC12904FD8800FA732D /* SwipeGestureUITests */,
				519E9D9F2904FD8700FA732D /* Products */,
			);
			sourceTree = "<group>";
		};
		519E9D9F2904FD8700FA732D /* Products */ = {
			isa = PBXGroup;
			children = (
				519E9D9E2904FD8700FA732D /* SwipeGesture.app */,
				519E9DB42904FD8800FA732D /* SwipeGestureTests.xctest */,
				519E9DBE2904FD8800FA732D /* SwipeGestureUITests.xctest */,
			);
			name = Products;
			sourceTree = "<group>";
		};
		519E9DA02904FD8700FA732D /* SwipeGesture */ = {
			isa = PBXGroup;
			children = (
				519E9DD12905585500FA732D /* images */,
				519E9DA12904FD8700FA732D /* AppDelegate.swift */,
				519E9DA32904FD8700FA732D /* SceneDelegate.swift */,
				519E9DA52904FD8700FA732D /* ViewController.swift */,
				519E9DA72904FD8700FA732D /* Main.storyboard */,
				519E9DAA2904FD8800FA732D /* Assets.xcassets */,
				519E9DAC2904FD8800FA732D /* LaunchScreen.storyboard */,
				519E9DAF2904FD8800FA732D /* Info.plist */,
			);
			path = SwipeGesture;
			sourceTree = "<group>";
		};
		519E9DB72904FD8800FA732D /* SwipeGestureTests */ = {
			isa = PBXGroup;
			children = (
				519E9DB82904FD8800FA732D /* SwipeGestureTests.swift */,
			);
			path = SwipeGestureTests;
			sourceTree = "<group>";
		};
		519E9DC12904FD8800FA732D /* SwipeGestureUITests */ = {
			isa = PBXGroup;
			children = (
				519E9DC22904FD8800FA732D /* SwipeGestureUITests.swift */,
				519E9DC42904FD8800FA732D /* SwipeGestureUITestsLaunchTests.swift */,
			);
			path = SwipeGestureUITests;
			sourceTree = "<group>";
		};
		519E9DD12905585500FA732D /* images */ = {
			isa = PBXGroup;
			children = (
				519E9DD6290559BD00FA732D /* arrow-down-black.png */,
				519E9DD5290559BD00FA732D /* arrow-down-green.png */,
				519E9DD4290559BD00FA732D /* arrow-down-red.png */,
				519E9DDB290559BD00FA732D /* arrow-left-black.png */,
				519E9DD2290559BD00FA732D /* arrow-left-green.png */,
				519E9DD3290559BD00FA732D /* arrow-left-red.png */,
				519E9DD8290559BD00FA732D /* arrow-right-black.png */,
				519E9DD7290559BD00FA732D /* arrow-right-green.png */,
				519E9DD9290559BD00FA732D /* arrow-right-red.png */,
				519E9DDA290559BD00FA732D /* arrow-up-black.png */,
				519E9DDD290559BD00FA732D /* arrow-up-green.png */,
				519E9DDC290559BD00FA732D /* arrow-up-red.png */,
			);
			path = images;
			sourceTree = "<group>";
		};
/* End PBXGroup section */

/* Begin PBXNativeTarget section */
		519E9D9D2904FD8700FA732D /* SwipeGesture */ = {
			isa = PBXNativeTarget;
			buildConfigurationList = 519E9DC82904FD8800FA732D /* Build configuration list for PBXNativeTarget "SwipeGesture" */;
			buildPhases = (
				519E9D9A2904FD8700FA732D /* Sources */,
				519E9D9B2904FD8700FA732D /* Frameworks */,
				519E9D9C2904FD8700FA732D /* Resources */,
			);
			buildRules = (
			);
			dependencies = (
			);
			name = SwipeGesture;
			productName = SwipeGesture;
			productReference = 519E9D9E2904FD8700FA732D /* SwipeGesture.app */;
			productType = "com.apple.product-type.application";
		};
		519E9DB32904FD8800FA732D /* SwipeGestureTests */ = {
			isa = PBXNativeTarget;
			buildConfigurationList = 519E9DCB2904FD8800FA732D /* Build configuration list for PBXNativeTarget "SwipeGestureTests" */;
			buildPhases = (
				519E9DB02904FD8800FA732D /* Sources */,
				519E9DB12904FD8800FA732D /* Frameworks */,
				519E9DB22904FD8800FA732D /* Resources */,
			);
			buildRules = (
			);
			dependencies = (
				519E9DB62904FD8800FA732D /* PBXTargetDependency */,
			);
			name = SwipeGestureTests;
			productName = SwipeGestureTests;
			productReference = 519E9DB42904FD8800FA732D /* SwipeGestureTests.xctest */;
			productType = "com.apple.product-type.bundle.unit-test";
		};
		519E9DBD2904FD8800FA732D /* SwipeGestureUITests */ = {
			isa = PBXNativeTarget;
			buildConfigurationList = 519E9DCE2904FD8800FA732D /* Build configuration list for PBXNativeTarget "SwipeGestureUITests" */;
			buildPhases = (
				519E9DBA2904FD8800FA732D /* Sources */,
				519E9DBB2904FD8800FA732D /* Frameworks */,
				519E9DBC2904FD8800FA732D /* Resources */,
			);
			buildRules = (
			);
			dependencies = (
				519E9DC02904FD8800FA732D /* PBXTargetDependency */,
			);
			name = SwipeGestureUITests;
			productName = SwipeGestureUITests;
			productReference = 519E9DBE2904FD8800FA732D /* SwipeGestureUITests.xctest */;
			productType = "com.apple.product-type.bundle.ui-testing";
		};
/* End PBXNativeTarget section */

/* Begin PBXProject section */
		519E9D962904FD8700FA732D /* Project object */ = {
			isa = PBXProject;
			attributes = {
				BuildIndependentTargetsInParallel = 1;
				LastSwiftUpdateCheck = 1340;
				LastUpgradeCheck = 1340;
				TargetAttributes = {
					519E9D9D2904FD8700FA732D = {
						CreatedOnToolsVersion = 13.4.1;
					};
					519E9DB32904FD8800FA732D = {
						CreatedOnToolsVersion = 13.4.1;
						TestTargetID = 519E9D9D2904FD8700FA732D;
					};
					519E9DBD2904FD8800FA732D = {
						CreatedOnToolsVersion = 13.4.1;
						TestTargetID = 519E9D9D2904FD8700FA732D;
					};
				};
			};
			buildConfigurationList = 519E9D992904FD8700FA732D /* Build configuration list for PBXProject "SwipeGesture" */;
			compatibilityVersion = "Xcode 13.0";
			developmentRegion = en;
			hasScannedForEncodings = 0;
			knownRegions = (
				en,
				Base,
			);
			mainGroup = 519E9D952904FD8700FA732D;
			productRefGroup = 519E9D9F2904FD8700FA732D /* Products */;
			projectDirPath = "";
			projectRoot = "";
			targets = (
				519E9D9D2904FD8700FA732D /* SwipeGesture */,
				519E9DB32904FD8800FA732D /* SwipeGestureTests */,
				519E9DBD2904FD8800FA732D /* SwipeGestureUITests */,
			);
		};
/* End PBXProject section */

/* Begin PBXResourcesBuildPhase section */
		519E9D9C2904FD8700FA732D /* Resources */ = {
			isa = PBXResourcesBuildPhase;
			buildActionMask = 2147483647;
			files = (
				519E9DE5290559BD00FA732D /* arrow-right-red.png in Resources */,
				519E9DE1290559BD00FA732D /* arrow-down-green.png in Resources */,
				519E9DE2290559BD00FA732D /* arrow-down-black.png in Resources */,
				519E9DDE290559BD00FA732D /* arrow-left-green.png in Resources */,
				519E9DE0290559BD00FA732D /* arrow-down-red.png in Resources */,
				519E9DAE2904FD8800FA732D /* LaunchScreen.storyboard in Resources */,
				519E9DE3290559BD00FA732D /* arrow-right-green.png in Resources */,
				519E9DDF290559BD00FA732D /* arrow-left-red.png in Resources */,
				519E9DE6290559BD00FA732D /* arrow-up-black.png in Resources */,
				519E9DE9290559BD00FA732D /* arrow-up-green.png in Resources */,
				519E9DE7290559BD00FA732D /* arrow-left-black.png in Resources */,
				519E9DAB2904FD8800FA732D /* Assets.xcassets in Resources */,
				519E9DE4290559BD00FA732D /* arrow-right-black.png in Resources */,
				519E9DE8290559BD00FA732D /* arrow-up-red.png in Resources */,
				519E9DA92904FD8700FA732D /* Main.storyboard in Resources */,
			);
			runOnlyForDeploymentPostprocessing = 0;
		};
		519E9DB22904FD8800FA732D /* Resources */ = {
			isa = PBXResourcesBuildPhase;
			buildActionMask = 2147483647;
			files = (
			);
			runOnlyForDeploymentPostprocessing = 0;
		};
		519E9DBC2904FD8800FA732D /* Resources */ = {
			isa = PBXResourcesBuildPhase;
			buildActionMask = 2147483647;
			files = (
			);
			runOnlyForDeploymentPostprocessing = 0;
		};
/* End PBXResourcesBuildPhase section */

/* Begin PBXSourcesBuildPhase section */
		519E9D9A2904FD8700FA732D /* Sources */ = {
			isa = PBXSourcesBuildPhase;
			buildActionMask = 2147483647;
			files = (
				519E9DA62904FD8700FA732D /* ViewController.swift in Sources */,
				519E9DA22904FD8700FA732D /* AppDelegate.swift in Sources */,
				519E9DA42904FD8700FA732D /* SceneDelegate.swift in Sources */,
			);
			runOnlyForDeploymentPostprocessing = 0;
		};
		519E9DB02904FD8800FA732D /* Sources */ = {
			isa = PBXSourcesBuildPhase;
			buildActionMask = 2147483647;
			files = (
				519E9DB92904FD8800FA732D /* SwipeGestureTests.swift in Sources */,
			);
			runOnlyForDeploymentPostprocessing = 0;
		};
		519E9DBA2904FD8800FA732D /* Sources */ = {
			isa = PBXSourcesBuildPhase;
			buildActionMask = 2147483647;
			files = (
				519E9DC32904FD8800FA732D /* SwipeGestureUITests.swift in Sources */,
				519E9DC52904FD8800FA732D /* SwipeGestureUITestsLaunchTests.swift in Sources */,
			);
			runOnlyForDeploymentPostprocessing = 0;
		};
/* End PBXSourcesBuildPhase section */

/* Begin PBXTargetDependency section */
		519E9DB62904FD8800FA732D /* PBXTargetDependency */ = {
			isa = PBXTargetDependency;
			target = 519E9D9D2904FD8700FA732D /* SwipeGesture */;
			targetProxy = 519E9DB52904FD8800FA732D /* PBXContainerItemProxy */;
		};
		519E9DC02904FD8800FA732D /* PBXTargetDependency */ = {
			isa = PBXTargetDependency;
			target = 519E9D9D2904FD8700FA732D /* SwipeGesture */;
			targetProxy = 519E9DBF2904FD8800FA732D /* PBXContainerItemProxy */;
		};
/* End PBXTargetDependency section */

/* Begin PBXVariantGroup section */
		519E9DA72904FD8700FA732D /* Main.storyboard */ = {
			isa = PBXVariantGroup;
			children = (
				519E9DA82904FD8700FA732D /* Base */,
			);
			name = Main.storyboard;
			sourceTree = "<group>";
		};
		519E9DAC2904FD8800FA732D /* LaunchScreen.storyboard */ = {
			isa = PBXVariantGroup;
			children = (
				519E9DAD2904FD8800FA732D /* Base */,
			);
			name = LaunchScreen.storyboard;
			sourceTree = "<group>";
		};
/* End PBXVariantGroup section */

/* Begin XCBuildConfiguration section */
		519E9DC62904FD8800FA732D /* Debug */ = {
			isa = XCBuildConfiguration;
			buildSettings = {
				ALWAYS_SEARCH_USER_PATHS = NO;
				CLANG_ANALYZER_NONNULL = YES;
				CLANG_ANALYZER_NUMBER_OBJECT_CONVERSION = YES_AGGRESSIVE;
				CLANG_CXX_LANGUAGE_STANDARD = "gnu++17";
				CLANG_ENABLE_MODULES = YES;
				CLANG_ENABLE_OBJC_ARC = YES;
				CLANG_ENABLE_OBJC_WEAK = YES;
				CLANG_WARN_BLOCK_CAPTURE_AUTORELEASING = YES;
				CLANG_WARN_BOOL_CONVERSION = YES;
				CLANG_WARN_COMMA = YES;
				CLANG_WARN_CONSTANT_CONVERSION = YES;
				CLANG_WARN_DEPRECATED_OBJC_IMPLEMENTATIONS = YES;
				CLANG_WARN_DIRECT_OBJC_ISA_USAGE = YES_ERROR;
				CLANG_WARN_DOCUMENTATION_COMMENTS = YES;
				CLANG_WARN_EMPTY_BODY = YES;
				CLANG_WARN_ENUM_CONVERSION = YES;
				CLANG_WARN_INFINITE_RECURSION = YES;
				CLANG_WARN_INT_CONVERSION = YES;
				CLANG_WARN_NON_LITERAL_NULL_CONVERSION = YES;
				CLANG_WARN_OBJC_IMPLICIT_RETAIN_SELF = YES;
				CLANG_WARN_OBJC_LITERAL_CONVERSION = YES;
				CLANG_WARN_OBJC_ROOT_CLASS = YES_ERROR;
				CLANG_WARN_QUOTED_INCLUDE_IN_FRAMEWORK_HEADER = YES;
				CLANG_WARN_RANGE_LOOP_ANALYSIS = YES;
				CLANG_WARN_STRICT_PROTOTYPES = YES;
				CLANG_WARN_SUSPICIOUS_MOVE = YES;
				CLANG_WARN_UNGUARDED_AVAILABILITY = YES_AGGRESSIVE;
				CLANG_WARN_UNREACHABLE_CODE = YES;
				CLANG_WARN__DUPLICATE_METHOD_MATCH = YES;
				COPY_PHASE_STRIP = NO;
				DEBUG_INFORMATION_FORMAT = dwarf;
				ENABLE_STRICT_OBJC_MSGSEND = YES;
				ENABLE_TESTABILITY = YES;
				GCC_C_LANGUAGE_STANDARD = gnu11;
				GCC_DYNAMIC_NO_PIC = NO;
				GCC_NO_COMMON_BLOCKS = YES;
				GCC_OPTIMIZATION_LEVEL = 0;
				GCC_PREPROCESSOR_DEFINITIONS = (
					"DEBUG=1",
					"$(inherited)",
				);
				GCC_WARN_64_TO_32_BIT_CONVERSION = YES;
				GCC_WARN_ABOUT_RETURN_TYPE = YES_ERROR;
				GCC_WARN_UNDECLARED_SELECTOR = YES;
				GCC_WARN_UNINITIALIZED_AUTOS = YES_AGGRESSIVE;
				GCC_WARN_UNUSED_FUNCTION = YES;
				GCC_WARN_UNUSED_VARIABLE = YES;
				IPHONEOS_DEPLOYMENT_TARGET = 15.5;
				MTL_ENABLE_DEBUG_INFO = INCLUDE_SOURCE;
				MTL_FAST_MATH = YES;
				ONLY_ACTIVE_ARCH = YES;
				SDKROOT = iphoneos;
				SWIFT_ACTIVE_COMPILATION_CONDITIONS = DEBUG;
				SWIFT_OPTIMIZATION_LEVEL = "-Onone";
			};
			name = Debug;
		};
		519E9DC72904FD8800FA732D /* Release */ = {
			isa = XCBuildConfiguration;
			buildSettings = {
				ALWAYS_SEARCH_USER_PATHS = NO;
				CLANG_ANALYZER_NONNULL = YES;
				CLANG_ANALYZER_NUMBER_OBJECT_CONVERSION = YES_AGGRESSIVE;
				CLANG_CXX_LANGUAGE_STANDARD = "gnu++17";
				CLANG_ENABLE_MODULES = YES;
				CLANG_ENABLE_OBJC_ARC = YES;
				CLANG_ENABLE_OBJC_WEAK = YES;
				CLANG_WARN_BLOCK_CAPTURE_AUTORELEASING = YES;
				CLANG_WARN_BOOL_CONVERSION = YES;
				CLANG_WARN_COMMA = YES;
				CLANG_WARN_CONSTANT_CONVERSION = YES;
				CLANG_WARN_DEPRECATED_OBJC_IMPLEMENTATIONS = YES;
				CLANG_WARN_DIRECT_OBJC_ISA_USAGE = YES_ERROR;
				CLANG_WARN_DOCUMENTATION_COMMENTS = YES;
				CLANG_WARN_EMPTY_BODY = YES;
				CLANG_WARN_ENUM_CONVERSION = YES;
				CLANG_WARN_INFINITE_RECURSION = YES;
				CLANG_WARN_INT_CONVERSION = YES;
				CLANG_WARN_NON_LITERAL_NULL_CONVERSION = YES;
				CLANG_WARN_OBJC_IMPLICIT_RETAIN_SELF = YES;
				CLANG_WARN_OBJC_LITERAL_CONVERSION = YES;
				CLANG_WARN_OBJC_ROOT_CLASS = YES_ERROR;
				CLANG_WARN_QUOTED_INCLUDE_IN_FRAMEWORK_HEADER = YES;
				CLANG_WARN_RANGE_LOOP_ANALYSIS = YES;
				CLANG_WARN_STRICT_PROTOTYPES = YES;
				CLANG_WARN_SUSPICIOUS_MOVE = YES;
				CLANG_WARN_UNGUARDED_AVAILABILITY = YES_AGGRESSIVE;
				CLANG_WARN_UNREACHABLE_CODE = YES;
				CLANG_WARN__DUPLICATE_METHOD_MATCH = YES;
				COPY_PHASE_STRIP = NO;
				DEBUG_INFORMATION_FORMAT = "dwarf-with-dsym";
				ENABLE_NS_ASSERTIONS = NO;
				ENABLE_STRICT_OBJC_MSGSEND = YES;
				GCC_C_LANGUAGE_STANDARD = gnu11;
				GCC_NO_COMMON_BLOCKS = YES;
				GCC_WARN_64_TO_32_BIT_CONVERSION = YES;
				GCC_WARN_ABOUT_RETURN_TYPE = YES_ERROR;
				GCC_WARN_UNDECLARED_SELECTOR = YES;
				GCC_WARN_UNINITIALIZED_AUTOS = YES_AGGRESSIVE;
				GCC_WARN_UNUSED_FUNCTION = YES;
				GCC_WARN_UNUSED_VARIABLE = YES;
				IPHONEOS_DEPLOYMENT_TARGET = 15.5;
				MTL_ENABLE_DEBUG_INFO = NO;
				MTL_FAST_MATH = YES;
				SDKROOT = iphoneos;
				SWIFT_COMPILATION_MODE = wholemodule;
				SWIFT_OPTIMIZATION_LEVEL = "-O";
				VALIDATE_PRODUCT = YES;
			};
			name = Release;
		};
		519E9DC92904FD8800FA732D /* Debug */ = {
			isa = XCBuildConfiguration;
			buildSettings = {
				ASSETCATALOG_COMPILER_APPICON_NAME = AppIcon;
				ASSETCATALOG_COMPILER_GLOBAL_ACCENT_COLOR_NAME = AccentColor;
				CODE_SIGN_STYLE = Automatic;
				CURRENT_PROJECT_VERSION = 1;
				GENERATE_INFOPLIST_FILE = YES;
				INFOPLIST_FILE = SwipeGesture/Info.plist;
				INFOPLIST_KEY_UIApplicationSupportsIndirectInputEvents = YES;
				INFOPLIST_KEY_UILaunchStoryboardName = LaunchScreen;
				INFOPLIST_KEY_UIMainStoryboardFile = Main;
				INFOPLIST_KEY_UISupportedInterfaceOrientations_iPad = "UIInterfaceOrientationPortrait UIInterfaceOrientationPortraitUpsideDown UIInterfaceOrientationLandscapeLeft UIInterfaceOrientationLandscapeRight";
				INFOPLIST_KEY_UISupportedInterfaceOrientations_iPhone = "UIInterfaceOrientationPortrait UIInterfaceOrientationLandscapeLeft UIInterfaceOrientationLandscapeRight";
				LD_RUNPATH_SEARCH_PATHS = (
					"$(inherited)",
					"@executable_path/Frameworks",
				);
				MARKETING_VERSION = 1.0;
				PRODUCT_BUNDLE_IDENTIFIER = com.mycompany.SwipeGesture;
				PRODUCT_NAME = "$(TARGET_NAME)";
				SWIFT_EMIT_LOC_STRINGS = YES;
				SWIFT_VERSION = 5.0;
				TARGETED_DEVICE_FAMILY = "1,2";
			};
			name = Debug;
		};
		519E9DCA2904FD8800FA732D /* Release */ = {
			isa = XCBuildConfiguration;
			buildSettings = {
				ASSETCATALOG_COMPILER_APPICON_NAME = AppIcon;
				ASSETCATALOG_COMPILER_GLOBAL_ACCENT_COLOR_NAME = AccentColor;
				CODE_SIGN_STYLE = Automatic;
				CURRENT_PROJECT_VERSION = 1;
				GENERATE_INFOPLIST_FILE = YES;
				INFOPLIST_FILE = SwipeGesture/Info.plist;
				INFOPLIST_KEY_UIApplicationSupportsIndirectInputEvents = YES;
				INFOPLIST_KEY_UILaunchStoryboardName = LaunchScreen;
				INFOPLIST_KEY_UIMainStoryboardFile = Main;
				INFOPLIST_KEY_UISupportedInterfaceOrientations_iPad = "UIInterfaceOrientationPortrait UIInterfaceOrientationPortraitUpsideDown UIInterfaceOrientationLandscapeLeft UIInterfaceOrientationLandscapeRight";
				INFOPLIST_KEY_UISupportedInterfaceOrientations_iPhone = "UIInterfaceOrientationPortrait UIInterfaceOrientationLandscapeLeft UIInterfaceOrientationLandscapeRight";
				LD_RUNPATH_SEARCH_PATHS = (
					"$(inherited)",
					"@executable_path/Frameworks",
				);
				MARKETING_VERSION = 1.0;
				PRODUCT_BUNDLE_IDENTIFIER = com.mycompany.SwipeGesture;
				PRODUCT_NAME = "$(TARGET_NAME)";
				SWIFT_EMIT_LOC_STRINGS = YES;
				SWIFT_VERSION = 5.0;
				TARGETED_DEVICE_FAMILY = "1,2";
			};
			name = Release;
		};
		519E9DCC2904FD8800FA732D /* Debug */ = {
			isa = XCBuildConfiguration;
			buildSettings = {
				ALWAYS_EMBED_SWIFT_STANDARD_LIBRARIES = YES;
				BUNDLE_LOADER = "$(TEST_HOST)";
				CODE_SIGN_STYLE = Automatic;
				CURRENT_PROJECT_VERSION = 1;
				GENERATE_INFOPLIST_FILE = YES;
				IPHONEOS_DEPLOYMENT_TARGET = 15.5;
				MARKETING_VERSION = 1.0;
				PRODUCT_BUNDLE_IDENTIFIER = com.mycompany.SwipeGestureTests;
				PRODUCT_NAME = "$(TARGET_NAME)";
				SWIFT_EMIT_LOC_STRINGS = NO;
				SWIFT_VERSION = 5.0;
				TARGETED_DEVICE_FAMILY = "1,2";
				TEST_HOST = "$(BUILT_PRODUCTS_DIR)/SwipeGesture.app/SwipeGesture";
			};
			name = Debug;
		};
		519E9DCD2904FD8800FA732D /* Release */ = {
			isa = XCBuildConfiguration;
			buildSettings = {
				ALWAYS_EMBED_SWIFT_STANDARD_LIBRARIES = YES;
				BUNDLE_LOADER = "$(TEST_HOST)";
				CODE_SIGN_STYLE = Automatic;
				CURRENT_PROJECT_VERSION = 1;
				GENERATE_INFOPLIST_FILE = YES;
				IPHONEOS_DEPLOYMENT_TARGET = 15.5;
				MARKETING_VERSION = 1.0;
				PRODUCT_BUNDLE_IDENTIFIER = com.mycompany.SwipeGestureTests;
				PRODUCT_NAME = "$(TARGET_NAME)";
				SWIFT_EMIT_LOC_STRINGS = NO;
				SWIFT_VERSION = 5.0;
				TARGETED_DEVICE_FAMILY = "1,2";
				TEST_HOST = "$(BUILT_PRODUCTS_DIR)/SwipeGesture.app/SwipeGesture";
			};
			name = Release;
		};
		519E9DCF2904FD8800FA732D /* Debug */ = {
			isa = XCBuildConfiguration;
			buildSettings = {
				ALWAYS_EMBED_SWIFT_STANDARD_LIBRARIES = YES;
				CODE_SIGN_STYLE = Automatic;
				CURRENT_PROJECT_VERSION = 1;
				GENERATE_INFOPLIST_FILE = YES;
				MARKETING_VERSION = 1.0;
				PRODUCT_BUNDLE_IDENTIFIER = com.mycompany.SwipeGestureUITests;
				PRODUCT_NAME = "$(TARGET_NAME)";
				SWIFT_EMIT_LOC_STRINGS = NO;
				SWIFT_VERSION = 5.0;
				TARGETED_DEVICE_FAMILY = "1,2";
				TEST_TARGET_NAME = SwipeGesture;
			};
			name = Debug;
		};
		519E9DD02904FD8800FA732D /* Release */ = {
			isa = XCBuildConfiguration;
			buildSettings = {
				ALWAYS_EMBED_SWIFT_STANDARD_LIBRARIES = YES;
				CODE_SIGN_STYLE = Automatic;
				CURRENT_PROJECT_VERSION = 1;
				GENERATE_INFOPLIST_FILE = YES;
				MARKETING_VERSION = 1.0;
				PRODUCT_BUNDLE_IDENTIFIER = com.mycompany.SwipeGestureUITests;
				PRODUCT_NAME = "$(TARGET_NAME)";
				SWIFT_EMIT_LOC_STRINGS = NO;
				SWIFT_VERSION = 5.0;
				TARGETED_DEVICE_FAMILY = "1,2";
				TEST_TARGET_NAME = SwipeGesture;
			};
			name = Release;
		};
/* End XCBuildConfiguration section */

/* Begin XCConfigurationList section */
		519E9D992904FD8700FA732D /* Build configuration list for PBXProject "SwipeGesture" */ = {
			isa = XCConfigurationList;
			buildConfigurations = (
				519E9DC62904FD8800FA732D /* Debug */,
				519E9DC72904FD8800FA732D /* Release */,
			);
			defaultConfigurationIsVisible = 0;
			defaultConfigurationName = Release;
		};
		519E9DC82904FD8800FA732D /* Build configuration list for PBXNativeTarget "SwipeGesture" */ = {
			isa = XCConfigurationList;
			buildConfigurations = (
				519E9DC92904FD8800FA732D /* Debug */,
				519E9DCA2904FD8800FA732D /* Release */,
			);
			defaultConfigurationIsVisible = 0;
			defaultConfigurationName = Release;
		};
		519E9DCB2904FD8800FA732D /* Build configuration list for PBXNativeTarget "SwipeGestureTests" */ = {
			isa = XCConfigurationList;
			buildConfigurations = (
				519E9DCC2904FD8800FA732D /* Debug */,
				519E9DCD2904FD8800FA732D /* Release */,
			);
			defaultConfigurationIsVisible = 0;
			defaultConfigurationName = Release;
		};
		519E9DCE2904FD8800FA732D /* Build configuration list for PBXNativeTarget "SwipeGestureUITests" */ = {
			isa = XCConfigurationList;
			buildConfigurations = (
				519E9DCF2904FD8800FA732D /* Debug */,
				519E9DD02904FD8800FA732D /* Release */,
			);
			defaultConfigurationIsVisible = 0;
			defaultConfigurationName = Release;
		};
/* End XCConfigurationList section */
	};
	rootObject = 519E9D962904FD8700FA732D /* Project object */;
}
