// !$*UTF8*$!
{
	archiveVersion = 1;
	classes = {
	};
	objectVersion = 55;
	objects = {

/* Begin PBXBuildFile section */
		519E9BF328FC6D8D00FA732D /* AppDelegate.swift in Sources */ = {isa = PBXBuildFile; fileRef = 519E9BF228FC6D8D00FA732D /* AppDelegate.swift */; };
		519E9BF528FC6D8D00FA732D /* SceneDelegate.swift in Sources */ = {isa = PBXBuildFile; fileRef = 519E9BF428FC6D8D00FA732D /* SceneDelegate.swift */; };
		519E9BF728FC6D8D00FA732D /* ViewController.swift in Sources */ = {isa = PBXBuildFile; fileRef = 519E9BF628FC6D8D00FA732D /* ViewController.swift */; };
		519E9BFA28FC6D8D00FA732D /* Main.storyboard in Resources */ = {isa = PBXBuildFile; fileRef = 519E9BF828FC6D8D00FA732D /* Main.storyboard */; };
		519E9BFC28FC6D8E00FA732D /* Assets.xcassets in Resources */ = {isa = PBXBuildFile; fileRef = 519E9BFB28FC6D8E00FA732D /* Assets.xcassets */; };
		519E9BFF28FC6D8E00FA732D /* LaunchScreen.storyboard in Resources */ = {isa = PBXBuildFile; fileRef = 519E9BFD28FC6D8E00FA732D /* LaunchScreen.storyboard */; };
		519E9C0A28FC6D8E00FA732D /* AutoLayoutTests.swift in Sources */ = {isa = PBXBuildFile; fileRef = 519E9C0928FC6D8E00FA732D /* AutoLayoutTests.swift */; };
		519E9C1428FC6D8E00FA732D /* AutoLayoutUITests.swift in Sources */ = {isa = PBXBuildFile; fileRef = 519E9C1328FC6D8E00FA732D /* AutoLayoutUITests.swift */; };
		519E9C1628FC6D8E00FA732D /* AutoLayoutUITestsLaunchTests.swift in Sources */ = {isa = PBXBuildFile; fileRef = 519E9C1528FC6D8E00FA732D /* AutoLayoutUITestsLaunchTests.swift */; };
		519E9C2328FC6DE000FA732D /* test.jpeg in Resources */ = {isa = PBXBuildFile; fileRef = 519E9C2228FC6DE000FA732D /* test.jpeg */; };
/* End PBXBuildFile section */

/* Begin PBXContainerItemProxy section */
		519E9C0628FC6D8E00FA732D /* PBXContainerItemProxy */ = {
			isa = PBXContainerItemProxy;
			containerPortal = 519E9BE728FC6D8D00FA732D /* Project object */;
			proxyType = 1;
			remoteGlobalIDString = 519E9BEE28FC6D8D00FA732D;
			remoteInfo = AutoLayout;
		};
		519E9C1028FC6D8E00FA732D /* PBXContainerItemProxy */ = {
			isa = PBXContainerItemProxy;
			containerPortal = 519E9BE728FC6D8D00FA732D /* Project object */;
			proxyType = 1;
			remoteGlobalIDString = 519E9BEE28FC6D8D00FA732D;
			remoteInfo = AutoLayout;
		};
/* End PBXContainerItemProxy section */

/* Begin PBXFileReference section */
		519E9BEF28FC6D8D00FA732D /* AutoLayout.app */ = {isa = PBXFileReference; explicitFileType = wrapper.application; includeInIndex = 0; path = AutoLayout.app; sourceTree = BUILT_PRODUCTS_DIR; };
		519E9BF228FC6D8D00FA732D /* AppDelegate.swift */ = {isa = PBXFileReference; lastKnownFileType = sourcecode.swift; path = AppDelegate.swift; sourceTree = "<group>"; };
		519E9BF428FC6D8D00FA732D /* SceneDelegate.swift */ = {isa = PBXFileReference; lastKnownFileType = sourcecode.swift; path = SceneDelegate.swift; sourceTree = "<group>"; };
		519E9BF628FC6D8D00FA732D /* ViewController.swift */ = {isa = PBXFileReference; lastKnownFileType = sourcecode.swift; path = ViewController.swift; sourceTree = "<group>"; };
		519E9BF928FC6D8D00FA732D /* Base */ = {isa = PBXFileReference; lastKnownFileType = file.storyboard; name = Base; path = Base.lproj/Main.storyboard; sourceTree = "<group>"; };
		519E9BFB28FC6D8E00FA732D /* Assets.xcassets */ = {isa = PBXFileReference; lastKnownFileType = folder.assetcatalog; path = Assets.xcassets; sourceTree = "<group>"; };
		519E9BFE28FC6D8E00FA732D /* Base */ = {isa = PBXFileReference; lastKnownFileType = file.storyboard; name = Base; path = Base.lproj/LaunchScreen.storyboard; sourceTree = "<group>"; };
		519E9C0028FC6D8E00FA732D /* Info.plist */ = {isa = PBXFileReference; lastKnownFileType = text.plist.xml; path = Info.plist; sourceTree = "<group>"; };
		519E9C0528FC6D8E00FA732D /* AutoLayoutTests.xctest */ = {isa = PBXFileReference; explicitFileType = wrapper.cfbundle; includeInIndex = 0; path = AutoLayoutTests.xctest; sourceTree = BUILT_PRODUCTS_DIR; };
		519E9C0928FC6D8E00FA732D /* AutoLayoutTests.swift */ = {isa = PBXFileReference; lastKnownFileType = sourcecode.swift; path = AutoLayoutTests.swift; sourceTree = "<group>"; };
		519E9C0F28FC6D8E00FA732D /* AutoLayoutUITests.xctest */ = {isa = PBXFileReference; explicitFileType = wrapper.cfbundle; includeInIndex = 0; path = AutoLayoutUITests.xctest; sourceTree = BUILT_PRODUCTS_DIR; };
		519E9C1328FC6D8E00FA732D /* AutoLayoutUITests.swift */ = {isa = PBXFileReference; lastKnownFileType = sourcecode.swift; path = AutoLayoutUITests.swift; sourceTree = "<group>"; };
		519E9C1528FC6D8E00FA732D /* AutoLayoutUITestsLaunchTests.swift */ = {isa = PBXFileReference; lastKnownFileType = sourcecode.swift; path = AutoLayoutUITestsLaunchTests.swift; sourceTree = "<group>"; };
		519E9C2228FC6DE000FA732D /* test.jpeg */ = {isa = PBXFileReference; lastKnownFileType = image.jpeg; path = test.jpeg; sourceTree = "<group>"; };
/* End PBXFileReference section */

/* Begin PBXFrameworksBuildPhase section */
		519E9BEC28FC6D8D00FA732D /* Frameworks */ = {
			isa = PBXFrameworksBuildPhase;
			buildActionMask = 2147483647;
			files = (
			);
			runOnlyForDeploymentPostprocessing = 0;
		};
		519E9C0228FC6D8E00FA732D /* Frameworks */ = {
			isa = PBXFrameworksBuildPhase;
			buildActionMask = 2147483647;
			files = (
			);
			runOnlyForDeploymentPostprocessing = 0;
		};
		519E9C0C28FC6D8E00FA732D /* Frameworks */ = {
			isa = PBXFrameworksBuildPhase;
			buildActionMask = 2147483647;
			files = (
			);
			runOnlyForDeploymentPostprocessing = 0;
		};
/* End PBXFrameworksBuildPhase section */

/* Begin PBXGroup section */
		519E9BE628FC6D8D00FA732D = {
			isa = PBXGroup;
			children = (
				519E9BF128FC6D8D00FA732D /* AutoLayout */,
				519E9C0828FC6D8E00FA732D /* AutoLayoutTests */,
				519E9C1228FC6D8E00FA732D /* AutoLayoutUITests */,
				519E9BF028FC6D8D00FA732D /* Products */,
			);
			sourceTree = "<group>";
		};
		519E9BF028FC6D8D00FA732D /* Products */ = {
			isa = PBXGroup;
			children = (
				519E9BEF28FC6D8D00FA732D /* AutoLayout.app */,
				519E9C0528FC6D8E00FA732D /* AutoLayoutTests.xctest */,
				519E9C0F28FC6D8E00FA732D /* AutoLayoutUITests.xctest */,
			);
			name = Products;
			sourceTree = "<group>";
		};
		519E9BF128FC6D8D00FA732D /* AutoLayout */ = {
			isa = PBXGroup;
			children = (
				519E9BF228FC6D8D00FA732D /* AppDelegate.swift */,
				519E9BF428FC6D8D00FA732D /* SceneDelegate.swift */,
				519E9BF628FC6D8D00FA732D /* ViewController.swift */,
				519E9BF828FC6D8D00FA732D /* Main.storyboard */,
				519E9BFB28FC6D8E00FA732D /* Assets.xcassets */,
				519E9BFD28FC6D8E00FA732D /* LaunchScreen.storyboard */,
				519E9C2228FC6DE000FA732D /* test.jpeg */,
				519E9C0028FC6D8E00FA732D /* Info.plist */,
			);
			path = AutoLayout;
			sourceTree = "<group>";
		};
		519E9C0828FC6D8E00FA732D /* AutoLayoutTests */ = {
			isa = PBXGroup;
			children = (
				519E9C0928FC6D8E00FA732D /* AutoLayoutTests.swift */,
			);
			path = AutoLayoutTests;
			sourceTree = "<group>";
		};
		519E9C1228FC6D8E00FA732D /* AutoLayoutUITests */ = {
			isa = PBXGroup;
			children = (
				519E9C1328FC6D8E00FA732D /* AutoLayoutUITests.swift */,
				519E9C1528FC6D8E00FA732D /* AutoLayoutUITestsLaunchTests.swift */,
			);
			path = AutoLayoutUITests;
			sourceTree = "<group>";
		};
/* End PBXGroup section */

/* Begin PBXNativeTarget section */
		519E9BEE28FC6D8D00FA732D /* AutoLayout */ = {
			isa = PBXNativeTarget;
			buildConfigurationList = 519E9C1928FC6D8E00FA732D /* Build configuration list for PBXNativeTarget "AutoLayout" */;
			buildPhases = (
				519E9BEB28FC6D8D00FA732D /* Sources */,
				519E9BEC28FC6D8D00FA732D /* Frameworks */,
				519E9BED28FC6D8D00FA732D /* Resources */,
			);
			buildRules = (
			);
			dependencies = (
			);
			name = AutoLayout;
			productName = AutoLayout;
			productReference = 519E9BEF28FC6D8D00FA732D /* AutoLayout.app */;
			productType = "com.apple.product-type.application";
		};
		519E9C0428FC6D8E00FA732D /* AutoLayoutTests */ = {
			isa = PBXNativeTarget;
			buildConfigurationList = 519E9C1C28FC6D8E00FA732D /* Build configuration list for PBXNativeTarget "AutoLayoutTests" */;
			buildPhases = (
				519E9C0128FC6D8E00FA732D /* Sources */,
				519E9C0228FC6D8E00FA732D /* Frameworks */,
				519E9C0328FC6D8E00FA732D /* Resources */,
			);
			buildRules = (
			);
			dependencies = (
				519E9C0728FC6D8E00FA732D /* PBXTargetDependency */,
			);
			name = AutoLayoutTests;
			productName = AutoLayoutTests;
			productReference = 519E9C0528FC6D8E00FA732D /* AutoLayoutTests.xctest */;
			productType = "com.apple.product-type.bundle.unit-test";
		};
		519E9C0E28FC6D8E00FA732D /* AutoLayoutUITests */ = {
			isa = PBXNativeTarget;
			buildConfigurationList = 519E9C1F28FC6D8E00FA732D /* Build configuration list for PBXNativeTarget "AutoLayoutUITests" */;
			buildPhases = (
				519E9C0B28FC6D8E00FA732D /* Sources */,
				519E9C0C28FC6D8E00FA732D /* Frameworks */,
				519E9C0D28FC6D8E00FA732D /* Resources */,
			);
			buildRules = (
			);
			dependencies = (
				519E9C1128FC6D8E00FA732D /* PBXTargetDependency */,
			);
			name = AutoLayoutUITests;
			productName = AutoLayoutUITests;
			productReference = 519E9C0F28FC6D8E00FA732D /* AutoLayoutUITests.xctest */;
			productType = "com.apple.product-type.bundle.ui-testing";
		};
/* End PBXNativeTarget section */

/* Begin PBXProject section */
		519E9BE728FC6D8D00FA732D /* Project object */ = {
			isa = PBXProject;
			attributes = {
				BuildIndependentTargetsInParallel = 1;
				LastSwiftUpdateCheck = 1340;
				LastUpgradeCheck = 1340;
				TargetAttributes = {
					519E9BEE28FC6D8D00FA732D = {
						CreatedOnToolsVersion = 13.4.1;
					};
					519E9C0428FC6D8E00FA732D = {
						CreatedOnToolsVersion = 13.4.1;
						TestTargetID = 519E9BEE28FC6D8D00FA732D;
					};
					519E9C0E28FC6D8E00FA732D = {
						CreatedOnToolsVersion = 13.4.1;
						TestTargetID = 519E9BEE28FC6D8D00FA732D;
					};
				};
			};
			buildConfigurationList = 519E9BEA28FC6D8D00FA732D /* Build configuration list for PBXProject "AutoLayout" */;
			compatibilityVersion = "Xcode 13.0";
			developmentRegion = en;
			hasScannedForEncodings = 0;
			knownRegions = (
				en,
				Base,
			);
			mainGroup = 519E9BE628FC6D8D00FA732D;
			productRefGroup = 519E9BF028FC6D8D00FA732D /* Products */;
			projectDirPath = "";
			projectRoot = "";
			targets = (
				519E9BEE28FC6D8D00FA732D /* AutoLayout */,
				519E9C0428FC6D8E00FA732D /* AutoLayoutTests */,
				519E9C0E28FC6D8E00FA732D /* AutoLayoutUITests */,
			);
		};
/* End PBXProject section */

/* Begin PBXResourcesBuildPhase section */
		519E9BED28FC6D8D00FA732D /* Resources */ = {
			isa = PBXResourcesBuildPhase;
			buildActionMask = 2147483647;
			files = (
				519E9C2328FC6DE000FA732D /* test.jpeg in Resources */,
				519E9BFF28FC6D8E00FA732D /* LaunchScreen.storyboard in Resources */,
				519E9BFC28FC6D8E00FA732D /* Assets.xcassets in Resources */,
				519E9BFA28FC6D8D00FA732D /* Main.storyboard in Resources */,
			);
			runOnlyForDeploymentPostprocessing = 0;
		};
		519E9C0328FC6D8E00FA732D /* Resources */ = {
			isa = PBXResourcesBuildPhase;
			buildActionMask = 2147483647;
			files = (
			);
			runOnlyForDeploymentPostprocessing = 0;
		};
		519E9C0D28FC6D8E00FA732D /* Resources */ = {
			isa = PBXResourcesBuildPhase;
			buildActionMask = 2147483647;
			files = (
			);
			runOnlyForDeploymentPostprocessing = 0;
		};
/* End PBXResourcesBuildPhase section */

/* Begin PBXSourcesBuildPhase section */
		519E9BEB28FC6D8D00FA732D /* Sources */ = {
			isa = PBXSourcesBuildPhase;
			buildActionMask = 2147483647;
			files = (
				519E9BF728FC6D8D00FA732D /* ViewController.swift in Sources */,
				519E9BF328FC6D8D00FA732D /* AppDelegate.swift in Sources */,
				519E9BF528FC6D8D00FA732D /* SceneDelegate.swift in Sources */,
			);
			runOnlyForDeploymentPostprocessing = 0;
		};
		519E9C0128FC6D8E00FA732D /* Sources */ = {
			isa = PBXSourcesBuildPhase;
			buildActionMask = 2147483647;
			files = (
				519E9C0A28FC6D8E00FA732D /* AutoLayoutTests.swift in Sources */,
			);
			runOnlyForDeploymentPostprocessing = 0;
		};
		519E9C0B28FC6D8E00FA732D /* Sources */ = {
			isa = PBXSourcesBuildPhase;
			buildActionMask = 2147483647;
			files = (
				519E9C1428FC6D8E00FA732D /* AutoLayoutUITests.swift in Sources */,
				519E9C1628FC6D8E00FA732D /* AutoLayoutUITestsLaunchTests.swift in Sources */,
			);
			runOnlyForDeploymentPostprocessing = 0;
		};
/* End PBXSourcesBuildPhase section */

/* Begin PBXTargetDependency section */
		519E9C0728FC6D8E00FA732D /* PBXTargetDependency */ = {
			isa = PBXTargetDependency;
			target = 519E9BEE28FC6D8D00FA732D /* AutoLayout */;
			targetProxy = 519E9C0628FC6D8E00FA732D /* PBXContainerItemProxy */;
		};
		519E9C1128FC6D8E00FA732D /* PBXTargetDependency */ = {
			isa = PBXTargetDependency;
			target = 519E9BEE28FC6D8D00FA732D /* AutoLayout */;
			targetProxy = 519E9C1028FC6D8E00FA732D /* PBXContainerItemProxy */;
		};
/* End PBXTargetDependency section */

/* Begin PBXVariantGroup section */
		519E9BF828FC6D8D00FA732D /* Main.storyboard */ = {
			isa = PBXVariantGroup;
			children = (
				519E9BF928FC6D8D00FA732D /* Base */,
			);
			name = Main.storyboard;
			sourceTree = "<group>";
		};
		519E9BFD28FC6D8E00FA732D /* LaunchScreen.storyboard */ = {
			isa = PBXVariantGroup;
			children = (
				519E9BFE28FC6D8E00FA732D /* Base */,
			);
			name = LaunchScreen.storyboard;
			sourceTree = "<group>";
		};
/* End PBXVariantGroup section */

/* Begin XCBuildConfiguration section */
		519E9C1728FC6D8E00FA732D /* Debug */ = {
			isa = XCBuildConfiguration;
			buildSettings = {
				ALWAYS_SEARCH_USER_PATHS = NO;
				CLANG_ANALYZER_NONNULL = YES;
				CLANG_ANALYZER_NUMBER_OBJECT_CONVERSION = YES_AGGRESSIVE;
				CLANG_CXX_LANGUAGE_STANDARD = "gnu++17";
				CLANG_ENABLE_MODULES = YES;
				CLANG_ENABLE_OBJC_ARC = YES;
				CLANG_ENABLE_OBJC_WEAK = YES;
				CLANG_WARN_BLOCK_CAPTURE_AUTORELEASING = YES;
				CLANG_WARN_BOOL_CONVERSION = YES;
				CLANG_WARN_COMMA = YES;
				CLANG_WARN_CONSTANT_CONVERSION = YES;
				CLANG_WARN_DEPRECATED_OBJC_IMPLEMENTATIONS = YES;
				CLANG_WARN_DIRECT_OBJC_ISA_USAGE = YES_ERROR;
				CLANG_WARN_DOCUMENTATION_COMMENTS = YES;
				CLANG_WARN_EMPTY_BODY = YES;
				CLANG_WARN_ENUM_CONVERSION = YES;
				CLANG_WARN_INFINITE_RECURSION = YES;
				CLANG_WARN_INT_CONVERSION = YES;
				CLANG_WARN_NON_LITERAL_NULL_CONVERSION = YES;
				CLANG_WARN_OBJC_IMPLICIT_RETAIN_SELF = YES;
				CLANG_WARN_OBJC_LITERAL_CONVERSION = YES;
				CLANG_WARN_OBJC_ROOT_CLASS = YES_ERROR;
				CLANG_WARN_QUOTED_INCLUDE_IN_FRAMEWORK_HEADER = YES;
				CLANG_WARN_RANGE_LOOP_ANALYSIS = YES;
				CLANG_WARN_STRICT_PROTOTYPES = YES;
				CLANG_WARN_SUSPICIOUS_MOVE = YES;
				CLANG_WARN_UNGUARDED_AVAILABILITY = YES_AGGRESSIVE;
				CLANG_WARN_UNREACHABLE_CODE = YES;
				CLANG_WARN__DUPLICATE_METHOD_MATCH = YES;
				COPY_PHASE_STRIP = NO;
				DEBUG_INFORMATION_FORMAT = dwarf;
				ENABLE_STRICT_OBJC_MSGSEND = YES;
				ENABLE_TESTABILITY = YES;
				GCC_C_LANGUAGE_STANDARD = gnu11;
				GCC_DYNAMIC_NO_PIC = NO;
				GCC_NO_COMMON_BLOCKS = YES;
				GCC_OPTIMIZATION_LEVEL = 0;
				GCC_PREPROCESSOR_DEFINITIONS = (
					"DEBUG=1",
					"$(inherited)",
				);
				GCC_WARN_64_TO_32_BIT_CONVERSION = YES;
				GCC_WARN_ABOUT_RETURN_TYPE = YES_ERROR;
				GCC_WARN_UNDECLARED_SELECTOR = YES;
				GCC_WARN_UNINITIALIZED_AUTOS = YES_AGGRESSIVE;
				GCC_WARN_UNUSED_FUNCTION = YES;
				GCC_WARN_UNUSED_VARIABLE = YES;
				IPHONEOS_DEPLOYMENT_TARGET = 15.5;
				MTL_ENABLE_DEBUG_INFO = INCLUDE_SOURCE;
				MTL_FAST_MATH = YES;
				ONLY_ACTIVE_ARCH = YES;
				SDKROOT = iphoneos;
				SWIFT_ACTIVE_COMPILATION_CONDITIONS = DEBUG;
				SWIFT_OPTIMIZATION_LEVEL = "-Onone";
			};
			name = Debug;
		};
		519E9C1828FC6D8E00FA732D /* Release */ = {
			isa = XCBuildConfiguration;
			buildSettings = {
				ALWAYS_SEARCH_USER_PATHS = NO;
				CLANG_ANALYZER_NONNULL = YES;
				CLANG_ANALYZER_NUMBER_OBJECT_CONVERSION = YES_AGGRESSIVE;
				CLANG_CXX_LANGUAGE_STANDARD = "gnu++17";
				CLANG_ENABLE_MODULES = YES;
				CLANG_ENABLE_OBJC_ARC = YES;
				CLANG_ENABLE_OBJC_WEAK = YES;
				CLANG_WARN_BLOCK_CAPTURE_AUTORELEASING = YES;
				CLANG_WARN_BOOL_CONVERSION = YES;
				CLANG_WARN_COMMA = YES;
				CLANG_WARN_CONSTANT_CONVERSION = YES;
				CLANG_WARN_DEPRECATED_OBJC_IMPLEMENTATIONS = YES;
				CLANG_WARN_DIRECT_OBJC_ISA_USAGE = YES_ERROR;
				CLANG_WARN_DOCUMENTATION_COMMENTS = YES;
				CLANG_WARN_EMPTY_BODY = YES;
				CLANG_WARN_ENUM_CONVERSION = YES;
				CLANG_WARN_INFINITE_RECURSION = YES;
				CLANG_WARN_INT_CONVERSION = YES;
				CLANG_WARN_NON_LITERAL_NULL_CONVERSION = YES;
				CLANG_WARN_OBJC_IMPLICIT_RETAIN_SELF = YES;
				CLANG_WARN_OBJC_LITERAL_CONVERSION = YES;
				CLANG_WARN_OBJC_ROOT_CLASS = YES_ERROR;
				CLANG_WARN_QUOTED_INCLUDE_IN_FRAMEWORK_HEADER = YES;
				CLANG_WARN_RANGE_LOOP_ANALYSIS = YES;
				CLANG_WARN_STRICT_PROTOTYPES = YES;
				CLANG_WARN_SUSPICIOUS_MOVE = YES;
				CLANG_WARN_UNGUARDED_AVAILABILITY = YES_AGGRESSIVE;
				CLANG_WARN_UNREACHABLE_CODE = YES;
				CLANG_WARN__DUPLICATE_METHOD_MATCH = YES;
				COPY_PHASE_STRIP = NO;
				DEBUG_INFORMATION_FORMAT = "dwarf-with-dsym";
				ENABLE_NS_ASSERTIONS = NO;
				ENABLE_STRICT_OBJC_MSGSEND = YES;
				GCC_C_LANGUAGE_STANDARD = gnu11;
				GCC_NO_COMMON_BLOCKS = YES;
				GCC_WARN_64_TO_32_BIT_CONVERSION = YES;
				GCC_WARN_ABOUT_RETURN_TYPE = YES_ERROR;
				GCC_WARN_UNDECLARED_SELECTOR = YES;
				GCC_WARN_UNINITIALIZED_AUTOS = YES_AGGRESSIVE;
				GCC_WARN_UNUSED_FUNCTION = YES;
				GCC_WARN_UNUSED_VARIABLE = YES;
				IPHONEOS_DEPLOYMENT_TARGET = 15.5;
				MTL_ENABLE_DEBUG_INFO = NO;
				MTL_FAST_MATH = YES;
				SDKROOT = iphoneos;
				SWIFT_COMPILATION_MODE = wholemodule;
				SWIFT_OPTIMIZATION_LEVEL = "-O";
				VALIDATE_PRODUCT = YES;
			};
			name = Release;
		};
		519E9C1A28FC6D8E00FA732D /* Debug */ = {
			isa = XCBuildConfiguration;
			buildSettings = {
				ASSETCATALOG_COMPILER_APPICON_NAME = AppIcon;
				ASSETCATALOG_COMPILER_GLOBAL_ACCENT_COLOR_NAME = AccentColor;
				CODE_SIGN_STYLE = Automatic;
				CURRENT_PROJECT_VERSION = 1;
				GENERATE_INFOPLIST_FILE = YES;
				INFOPLIST_FILE = AutoLayout/Info.plist;
				INFOPLIST_KEY_UIApplicationSupportsIndirectInputEvents = YES;
				INFOPLIST_KEY_UILaunchStoryboardName = LaunchScreen;
				INFOPLIST_KEY_UIMainStoryboardFile = Main;
				INFOPLIST_KEY_UISupportedInterfaceOrientations_iPad = "UIInterfaceOrientationPortrait UIInterfaceOrientationPortraitUpsideDown UIInterfaceOrientationLandscapeLeft UIInterfaceOrientationLandscapeRight";
				INFOPLIST_KEY_UISupportedInterfaceOrientations_iPhone = "UIInterfaceOrientationPortrait UIInterfaceOrientationLandscapeLeft UIInterfaceOrientationLandscapeRight";
				LD_RUNPATH_SEARCH_PATHS = (
					"$(inherited)",
					"@executable_path/Frameworks",
				);
				MARKETING_VERSION = 1.0;
				PRODUCT_BUNDLE_IDENTIFIER = com.mycompany.AutoLayout;
				PRODUCT_NAME = "$(TARGET_NAME)";
				SWIFT_EMIT_LOC_STRINGS = YES;
				SWIFT_VERSION = 5.0;
				TARGETED_DEVICE_FAMILY = "1,2";
			};
			name = Debug;
		};
		519E9C1B28FC6D8E00FA732D /* Release */ = {
			isa = XCBuildConfiguration;
			buildSettings = {
				ASSETCATALOG_COMPILER_APPICON_NAME = AppIcon;
				ASSETCATALOG_COMPILER_GLOBAL_ACCENT_COLOR_NAME = AccentColor;
				CODE_SIGN_STYLE = Automatic;
				CURRENT_PROJECT_VERSION = 1;
				GENERATE_INFOPLIST_FILE = YES;
				INFOPLIST_FILE = AutoLayout/Info.plist;
				INFOPLIST_KEY_UIApplicationSupportsIndirectInputEvents = YES;
				INFOPLIST_KEY_UILaunchStoryboardName = LaunchScreen;
				INFOPLIST_KEY_UIMainStoryboardFile = Main;
				INFOPLIST_KEY_UISupportedInterfaceOrientations_iPad = "UIInterfaceOrientationPortrait UIInterfaceOrientationPortraitUpsideDown UIInterfaceOrientationLandscapeLeft UIInterfaceOrientationLandscapeRight";
				INFOPLIST_KEY_UISupportedInterfaceOrientations_iPhone = "UIInterfaceOrientationPortrait UIInterfaceOrientationLandscapeLeft UIInterfaceOrientationLandscapeRight";
				LD_RUNPATH_SEARCH_PATHS = (
					"$(inherited)",
					"@executable_path/Frameworks",
				);
				MARKETING_VERSION = 1.0;
				PRODUCT_BUNDLE_IDENTIFIER = com.mycompany.AutoLayout;
				PRODUCT_NAME = "$(TARGET_NAME)";
				SWIFT_EMIT_LOC_STRINGS = YES;
				SWIFT_VERSION = 5.0;
				TARGETED_DEVICE_FAMILY = "1,2";
			};
			name = Release;
		};
		519E9C1D28FC6D8E00FA732D /* Debug */ = {
			isa = XCBuildConfiguration;
			buildSettings = {
				ALWAYS_EMBED_SWIFT_STANDARD_LIBRARIES = YES;
				BUNDLE_LOADER = "$(TEST_HOST)";
				CODE_SIGN_STYLE = Automatic;
				CURRENT_PROJECT_VERSION = 1;
				GENERATE_INFOPLIST_FILE = YES;
				IPHONEOS_DEPLOYMENT_TARGET = 15.5;
				MARKETING_VERSION = 1.0;
				PRODUCT_BUNDLE_IDENTIFIER = com.mycompany.AutoLayoutTests;
				PRODUCT_NAME = "$(TARGET_NAME)";
				SWIFT_EMIT_LOC_STRINGS = NO;
				SWIFT_VERSION = 5.0;
				TARGETED_DEVICE_FAMILY = "1,2";
				TEST_HOST = "$(BUILT_PRODUCTS_DIR)/AutoLayout.app/AutoLayout";
			};
			name = Debug;
		};
		519E9C1E28FC6D8E00FA732D /* Release */ = {
			isa = XCBuildConfiguration;
			buildSettings = {
				ALWAYS_EMBED_SWIFT_STANDARD_LIBRARIES = YES;
				BUNDLE_LOADER = "$(TEST_HOST)";
				CODE_SIGN_STYLE = Automatic;
				CURRENT_PROJECT_VERSION = 1;
				GENERATE_INFOPLIST_FILE = YES;
				IPHONEOS_DEPLOYMENT_TARGET = 15.5;
				MARKETING_VERSION = 1.0;
				PRODUCT_BUNDLE_IDENTIFIER = com.mycompany.AutoLayoutTests;
				PRODUCT_NAME = "$(TARGET_NAME)";
				SWIFT_EMIT_LOC_STRINGS = NO;
				SWIFT_VERSION = 5.0;
				TARGETED_DEVICE_FAMILY = "1,2";
				TEST_HOST = "$(BUILT_PRODUCTS_DIR)/AutoLayout.app/AutoLayout";
			};
			name = Release;
		};
		519E9C2028FC6D8E00FA732D /* Debug */ = {
			isa = XCBuildConfiguration;
			buildSettings = {
				ALWAYS_EMBED_SWIFT_STANDARD_LIBRARIES = YES;
				CODE_SIGN_STYLE = Automatic;
				CURRENT_PROJECT_VERSION = 1;
				GENERATE_INFOPLIST_FILE = YES;
				MARKETING_VERSION = 1.0;
				PRODUCT_BUNDLE_IDENTIFIER = com.mycompany.AutoLayoutUITests;
				PRODUCT_NAME = "$(TARGET_NAME)";
				SWIFT_EMIT_LOC_STRINGS = NO;
				SWIFT_VERSION = 5.0;
				TARGETED_DEVICE_FAMILY = "1,2";
				TEST_TARGET_NAME = AutoLayout;
			};
			name = Debug;
		};
		519E9C2128FC6D8E00FA732D /* Release */ = {
			isa = XCBuildConfiguration;
			buildSettings = {
				ALWAYS_EMBED_SWIFT_STANDARD_LIBRARIES = YES;
				CODE_SIGN_STYLE = Automatic;
				CURRENT_PROJECT_VERSION = 1;
				GENERATE_INFOPLIST_FILE = YES;
				MARKETING_VERSION = 1.0;
				PRODUCT_BUNDLE_IDENTIFIER = com.mycompany.AutoLayoutUITests;
				PRODUCT_NAME = "$(TARGET_NAME)";
				SWIFT_EMIT_LOC_STRINGS = NO;
				SWIFT_VERSION = 5.0;
				TARGETED_DEVICE_FAMILY = "1,2";
				TEST_TARGET_NAME = AutoLayout;
			};
			name = Release;
		};
/* End XCBuildConfiguration section */

/* Begin XCConfigurationList section */
		519E9BEA28FC6D8D00FA732D /* Build configuration list for PBXProject "AutoLayout" */ = {
			isa = XCConfigurationList;
			buildConfigurations = (
				519E9C1728FC6D8E00FA732D /* Debug */,
				519E9C1828FC6D8E00FA732D /* Release */,
			);
			defaultConfigurationIsVisible = 0;
			defaultConfigurationName = Release;
		};
		519E9C1928FC6D8E00FA732D /* Build configuration list for PBXNativeTarget "AutoLayout" */ = {
			isa = XCConfigurationList;
			buildConfigurations = (
				519E9C1A28FC6D8E00FA732D /* Debug */,
				519E9C1B28FC6D8E00FA732D /* Release */,
			);
			defaultConfigurationIsVisible = 0;
			defaultConfigurationName = Release;
		};
		519E9C1C28FC6D8E00FA732D /* Build configuration list for PBXNativeTarget "AutoLayoutTests" */ = {
			isa = XCConfigurationList;
			buildConfigurations = (
				519E9C1D28FC6D8E00FA732D /* Debug */,
				519E9C1E28FC6D8E00FA732D /* Release */,
			);
			defaultConfigurationIsVisible = 0;
			defaultConfigurationName = Release;
		};
		519E9C1F28FC6D8E00FA732D /* Build configuration list for PBXNativeTarget "AutoLayoutUITests" */ = {
			isa = XCConfigurationList;
			buildConfigurations = (
				519E9C2028FC6D8E00FA732D /* Debug */,
				519E9C2128FC6D8E00FA732D /* Release */,
			);
			defaultConfigurationIsVisible = 0;
			defaultConfigurationName = Release;
		};
/* End XCConfigurationList section */
	};
	rootObject = 519E9BE728FC6D8D00FA732D /* Project object */;
}
